{
  "version": 4,
  "terraform_version": "0.14.5",
  "serial": 429,
  "lineage": "7618f362-c6fc-8e20-ae58-94a13af56b6d",
  "outputs": {
    "Compartments": {
      "value": [],
      "type": [
        "list",
        [
          "object",
          {
            "compartment_id": "string",
            "defined_tags": [
              "map",
              "string"
            ],
            "description": "string",
            "enable_delete": "bool",
            "freeform_tags": [
              "map",
              "string"
            ],
            "id": "string",
            "inactive_state": "string",
            "is_accessible": "bool",
            "name": "string",
            "state": "string",
            "time_created": "string"
          }
        ]
      ]
    },
    "DHCPOptions": {
      "value": [
        {
          "compartment_id": "ocid1.compartment.oc1..aaaaaaaa4cffiat2knvzy4bjs7eprhns5qspej5pfcelkfvrb7s5vahgr4yq",
          "defined_tags": {
            "Oracle-Tags.CreatedBy": "oracleidentitycloudservice/krishna",
            "Oracle-Tags.CreatedOn": "2021-02-12T11:15:17.437Z"
          },
          "display_name": "Default DHCP Options for Cluster_vcn",
          "freeform_tags": {},
          "id": "ocid1.dhcpoptions.oc1.ap-mumbai-1.aaaaaaaaopswatf4mf4ptc66bexzpmwfygpmaeuireifd4ujzdgpq3wxy4tq",
          "options": [
            {
              "custom_dns_servers": [],
              "search_domain_names": [],
              "server_type": "VcnLocalPlusInternet",
              "type": "DomainNameServer"
            },
            {
              "custom_dns_servers": [],
              "search_domain_names": [
                "clustervcn.oraclevcn.com"
              ],
              "server_type": "",
              "type": "SearchDomain"
            }
          ],
          "state": "AVAILABLE",
          "time_created": "2021-02-12 11:15:17.678 +0000 UTC",
          "vcn_id": "ocid1.vcn.oc1.ap-mumbai-1.amaaaaaaulymzmialhjwujysq4fluhvys3ki2kyq6rak2qxtrn3ghu6watnq"
        }
      ],
      "type": [
        "list",
        [
          "object",
          {
            "compartment_id": "string",
            "defined_tags": [
              "map",
              "string"
            ],
            "display_name": "string",
            "freeform_tags": [
              "map",
              "string"
            ],
            "id": "string",
            "options": [
              "list",
              [
                "object",
                {
                  "custom_dns_servers": [
                    "list",
                    "string"
                  ],
                  "search_domain_names": [
                    "list",
                    "string"
                  ],
                  "server_type": "string",
                  "type": "string"
                }
              ]
            ],
            "state": "string",
            "time_created": "string",
            "vcn_id": "string"
          }
        ]
      ]
    },
    "InternetGateway": {
      "value": [
        {
          "compartment_id": "ocid1.compartment.oc1..aaaaaaaa4cffiat2knvzy4bjs7eprhns5qspej5pfcelkfvrb7s5vahgr4yq",
          "defined_tags": {
            "Oracle-Tags.CreatedBy": "oracleidentitycloudservice/krishna",
            "Oracle-Tags.CreatedOn": "2021-02-12T11:15:18.191Z"
          },
          "display_name": "Cluster-igateway",
          "enabled": true,
          "freeform_tags": {},
          "id": "ocid1.internetgateway.oc1.ap-mumbai-1.aaaaaaaaaq64psznp7kviqomokcs2njqpuqr7esdqgizfna5cokmos6hhyra",
          "state": "AVAILABLE",
          "time_created": "2021-02-12 11:15:18.24 +0000 UTC",
          "vcn_id": "ocid1.vcn.oc1.ap-mumbai-1.amaaaaaaulymzmialhjwujysq4fluhvys3ki2kyq6rak2qxtrn3ghu6watnq"
        }
      ],
      "type": [
        "list",
        [
          "object",
          {
            "compartment_id": "string",
            "defined_tags": [
              "map",
              "string"
            ],
            "display_name": "string",
            "enabled": "bool",
            "freeform_tags": [
              "map",
              "string"
            ],
            "id": "string",
            "state": "string",
            "time_created": "string",
            "vcn_id": "string"
          }
        ]
      ]
    },
    "RouteTables": {
      "value": [
        {
          "compartment_id": "ocid1.compartment.oc1..aaaaaaaa4cffiat2knvzy4bjs7eprhns5qspej5pfcelkfvrb7s5vahgr4yq",
          "defined_tags": {
            "Oracle-Tags.CreatedBy": "oracleidentitycloudservice/krishna",
            "Oracle-Tags.CreatedOn": "2021-02-12T11:15:17.437Z"
          },
          "display_name": "Default Route Table for Cluster_vcn",
          "freeform_tags": {},
          "id": "ocid1.routetable.oc1.ap-mumbai-1.aaaaaaaajq22k44nhr7uc344dlqtwd3i42low23jkj2h3ezdfbrazipj3wua",
          "route_rules": [],
          "state": "AVAILABLE",
          "time_created": "2021-02-12 11:15:17.552 +0000 UTC",
          "vcn_id": "ocid1.vcn.oc1.ap-mumbai-1.amaaaaaaulymzmialhjwujysq4fluhvys3ki2kyq6rak2qxtrn3ghu6watnq"
        }
      ],
      "type": [
        "list",
        [
          "object",
          {
            "compartment_id": "string",
            "defined_tags": [
              "map",
              "string"
            ],
            "display_name": "string",
            "freeform_tags": [
              "map",
              "string"
            ],
            "id": "string",
            "route_rules": [
              "list",
              [
                "object",
                {
                  "cidr_block": "string",
                  "description": "string",
                  "destination": "string",
                  "destination_type": "string",
                  "network_entity_id": "string"
                }
              ]
            ],
            "state": "string",
            "time_created": "string",
            "vcn_id": "string"
          }
        ]
      ]
    },
    "SecurityLists": {
      "value": [
        {
          "compartment_id": "ocid1.compartment.oc1..aaaaaaaa4cffiat2knvzy4bjs7eprhns5qspej5pfcelkfvrb7s5vahgr4yq",
          "defined_tags": {
            "Oracle-Tags.CreatedBy": "oracleidentitycloudservice/krishna",
            "Oracle-Tags.CreatedOn": "2021-02-12T11:15:18.262Z"
          },
          "display_name": "Cluster-Workers-SecList",
          "egress_security_rules": [
            {
              "description": "",
              "destination": "0.0.0.0/0",
              "destination_type": "CIDR_BLOCK",
              "icmp_options": [],
              "protocol": "6",
              "stateless": false,
              "tcp_options": [],
              "udp_options": []
            },
            {
              "description": "",
              "destination": "10.0.12.0/24",
              "destination_type": "CIDR_BLOCK",
              "icmp_options": [],
              "protocol": "all",
              "stateless": true,
              "tcp_options": [],
              "udp_options": []
            },
            {
              "description": "",
              "destination": "10.0.10.0/24",
              "destination_type": "CIDR_BLOCK",
              "icmp_options": [],
              "protocol": "all",
              "stateless": true,
              "tcp_options": [],
              "udp_options": []
            },
            {
              "description": "",
              "destination": "10.0.11.0/24",
              "destination_type": "CIDR_BLOCK",
              "icmp_options": [],
              "protocol": "all",
              "stateless": true,
              "tcp_options": [],
              "udp_options": []
            }
          ],
          "freeform_tags": {},
          "id": "ocid1.securitylist.oc1.ap-mumbai-1.aaaaaaaannbisggdjehldtwf3klustie3ikho5h3jq5aosa7jj2fhcl7nm5q",
          "ingress_security_rules": [
            {
              "description": "",
              "icmp_options": [],
              "protocol": "all",
              "source": "10.0.11.0/24",
              "source_type": "CIDR_BLOCK",
              "stateless": true,
              "tcp_options": [],
              "udp_options": []
            },
            {
              "description": "",
              "icmp_options": [
                {
                  "code": 4,
                  "type": 3
                }
              ],
              "protocol": "1",
              "source": "0.0.0.0/0",
              "source_type": "CIDR_BLOCK",
              "stateless": false,
              "tcp_options": [],
              "udp_options": []
            },
            {
              "description": "",
              "icmp_options": [],
              "protocol": "6",
              "source": "130.35.0.0/16",
              "source_type": "CIDR_BLOCK",
              "stateless": false,
              "tcp_options": [
                {
                  "max": 22,
                  "min": 22,
                  "source_port_range": []
                }
              ],
              "udp_options": []
            },
            {
              "description": "",
              "icmp_options": [],
              "protocol": "all",
              "source": "10.0.10.0/24",
              "source_type": "CIDR_BLOCK",
              "stateless": true,
              "tcp_options": [],
              "udp_options": []
            },
            {
              "description": "",
              "icmp_options": [],
              "protocol": "6",
              "source": "0.0.0.0/0",
              "source_type": "CIDR_BLOCK",
              "stateless": true,
              "tcp_options": [
                {
                  "max": 32767,
                  "min": 30000,
                  "source_port_range": []
                }
              ],
              "udp_options": []
            },
            {
              "description": "",
              "icmp_options": [],
              "protocol": "6",
              "source": "138.1.0.0/17",
              "source_type": "CIDR_BLOCK",
              "stateless": false,
              "tcp_options": [
                {
                  "max": 22,
                  "min": 22,
                  "source_port_range": []
                }
              ],
              "udp_options": []
            },
            {
              "description": "",
              "icmp_options": [],
              "protocol": "6",
              "source": "0.0.0.0/0",
              "source_type": "CIDR_BLOCK",
              "stateless": false,
              "tcp_options": [
                {
                  "max": 22,
                  "min": 22,
                  "source_port_range": []
                }
              ],
              "udp_options": []
            },
            {
              "description": "",
              "icmp_options": [],
              "protocol": "all",
              "source": "10.0.12.0/24",
              "source_type": "CIDR_BLOCK",
              "stateless": true,
              "tcp_options": [],
              "udp_options": []
            }
          ],
          "state": "AVAILABLE",
          "time_created": "2021-02-12 11:15:18.301 +0000 UTC",
          "vcn_id": "ocid1.vcn.oc1.ap-mumbai-1.amaaaaaaulymzmialhjwujysq4fluhvys3ki2kyq6rak2qxtrn3ghu6watnq"
        },
        {
          "compartment_id": "ocid1.compartment.oc1..aaaaaaaa4cffiat2knvzy4bjs7eprhns5qspej5pfcelkfvrb7s5vahgr4yq",
          "defined_tags": {
            "Oracle-Tags.CreatedBy": "oracleidentitycloudservice/krishna",
            "Oracle-Tags.CreatedOn": "2021-02-12T11:15:18.259Z"
          },
          "display_name": "Cluster-LoadBalancers-SecList",
          "egress_security_rules": [
            {
              "description": "",
              "destination": "0.0.0.0/0",
              "destination_type": "CIDR_BLOCK",
              "icmp_options": [],
              "protocol": "6",
              "stateless": true,
              "tcp_options": [],
              "udp_options": []
            }
          ],
          "freeform_tags": {},
          "id": "ocid1.securitylist.oc1.ap-mumbai-1.aaaaaaaaycljhspjymjrec7awykod3gmnd3jm7gc6klge5d25yjffnwa5lcq",
          "ingress_security_rules": [
            {
              "description": "",
              "icmp_options": [],
              "protocol": "6",
              "source": "0.0.0.0/0",
              "source_type": "CIDR_BLOCK",
              "stateless": true,
              "tcp_options": [],
              "udp_options": []
            }
          ],
          "state": "AVAILABLE",
          "time_created": "2021-02-12 11:15:18.286 +0000 UTC",
          "vcn_id": "ocid1.vcn.oc1.ap-mumbai-1.amaaaaaaulymzmialhjwujysq4fluhvys3ki2kyq6rak2qxtrn3ghu6watnq"
        },
        {
          "compartment_id": "ocid1.compartment.oc1..aaaaaaaa4cffiat2knvzy4bjs7eprhns5qspej5pfcelkfvrb7s5vahgr4yq",
          "defined_tags": {
            "Oracle-Tags.CreatedBy": "oracleidentitycloudservice/krishna",
            "Oracle-Tags.CreatedOn": "2021-02-12T11:15:17.437Z"
          },
          "display_name": "Cluster-default-security-list",
          "egress_security_rules": [
            {
              "description": "",
              "destination": "0.0.0.0/0",
              "destination_type": "CIDR_BLOCK",
              "icmp_options": [],
              "protocol": "all",
              "stateless": false,
              "tcp_options": [],
              "udp_options": []
            }
          ],
          "freeform_tags": {},
          "id": "ocid1.securitylist.oc1.ap-mumbai-1.aaaaaaaafxt3zrpexdrxv5jwzsk22yub543x5ketnntvx3x3fp6ypl5fadbq",
          "ingress_security_rules": [
            {
              "description": "",
              "icmp_options": [
                {
                  "code": 4,
                  "type": 3
                }
              ],
              "protocol": "1",
              "source": "0.0.0.0/0",
              "source_type": "CIDR_BLOCK",
              "stateless": false,
              "tcp_options": [],
              "udp_options": []
            },
            {
              "description": "",
              "icmp_options": [],
              "protocol": "6",
              "source": "0.0.0.0/0",
              "source_type": "CIDR_BLOCK",
              "stateless": false,
              "tcp_options": [
                {
                  "max": 22,
                  "min": 22,
                  "source_port_range": []
                }
              ],
              "udp_options": []
            }
          ],
          "state": "AVAILABLE",
          "time_created": "2021-02-12 11:15:17.552 +0000 UTC",
          "vcn_id": "ocid1.vcn.oc1.ap-mumbai-1.amaaaaaaulymzmialhjwujysq4fluhvys3ki2kyq6rak2qxtrn3ghu6watnq"
        }
      ],
      "type": [
        "list",
        [
          "object",
          {
            "compartment_id": "string",
            "defined_tags": [
              "map",
              "string"
            ],
            "display_name": "string",
            "egress_security_rules": [
              "list",
              [
                "object",
                {
                  "description": "string",
                  "destination": "string",
                  "destination_type": "string",
                  "icmp_options": [
                    "list",
                    [
                      "object",
                      {
                        "code": "number",
                        "type": "number"
                      }
                    ]
                  ],
                  "protocol": "string",
                  "stateless": "bool",
                  "tcp_options": [
                    "list",
                    [
                      "object",
                      {
                        "max": "number",
                        "min": "number",
                        "source_port_range": [
                          "list",
                          [
                            "object",
                            {
                              "max": "number",
                              "min": "number"
                            }
                          ]
                        ]
                      }
                    ]
                  ],
                  "udp_options": [
                    "list",
                    [
                      "object",
                      {
                        "max": "number",
                        "min": "number",
                        "source_port_range": [
                          "list",
                          [
                            "object",
                            {
                              "max": "number",
                              "min": "number"
                            }
                          ]
                        ]
                      }
                    ]
                  ]
                }
              ]
            ],
            "freeform_tags": [
              "map",
              "string"
            ],
            "id": "string",
            "ingress_security_rules": [
              "list",
              [
                "object",
                {
                  "description": "string",
                  "icmp_options": [
                    "list",
                    [
                      "object",
                      {
                        "code": "number",
                        "type": "number"
                      }
                    ]
                  ],
                  "protocol": "string",
                  "source": "string",
                  "source_type": "string",
                  "stateless": "bool",
                  "tcp_options": [
                    "list",
                    [
                      "object",
                      {
                        "max": "number",
                        "min": "number",
                        "source_port_range": [
                          "list",
                          [
                            "object",
                            {
                              "max": "number",
                              "min": "number"
                            }
                          ]
                        ]
                      }
                    ]
                  ],
                  "udp_options": [
                    "list",
                    [
                      "object",
                      {
                        "max": "number",
                        "min": "number",
                        "source_port_range": [
                          "list",
                          [
                            "object",
                            {
                              "max": "number",
                              "min": "number"
                            }
                          ]
                        ]
                      }
                    ]
                  ]
                }
              ]
            ],
            "state": "string",
            "time_created": "string",
            "vcn_id": "string"
          }
        ]
      ]
    },
    "Subnets": {
      "value": [
        {
          "availability_domain": "LxbT:AP-MUMBAI-1-AD-1",
          "cidr_block": "10.0.10.0/24",
          "compartment_id": "ocid1.compartment.oc1..aaaaaaaa4cffiat2knvzy4bjs7eprhns5qspej5pfcelkfvrb7s5vahgr4yq",
          "defined_tags": {
            "Oracle-Tags.CreatedBy": "oracleidentitycloudservice/krishna",
            "Oracle-Tags.CreatedOn": "2021-02-12T11:15:19.105Z"
          },
          "dhcp_options_id": "ocid1.dhcpoptions.oc1.ap-mumbai-1.aaaaaaaaopswatf4mf4ptc66bexzpmwfygpmaeuireifd4ujzdgpq3wxy4tq",
          "display_name": "Cluster-WorkerSubnet01",
          "dns_label": "workers01",
          "freeform_tags": {},
          "id": "ocid1.subnet.oc1.ap-mumbai-1.aaaaaaaar7oio7ap2ohbqmb36km5joc4ekypjehvy5detqyelgybs2viws4a",
          "ipv6cidr_block": "",
          "ipv6public_cidr_block": "",
          "ipv6virtual_router_ip": "",
          "prohibit_public_ip_on_vnic": false,
          "route_table_id": "ocid1.routetable.oc1.ap-mumbai-1.aaaaaaaajq22k44nhr7uc344dlqtwd3i42low23jkj2h3ezdfbrazipj3wua",
          "security_list_ids": [
            "ocid1.securitylist.oc1.ap-mumbai-1.aaaaaaaannbisggdjehldtwf3klustie3ikho5h3jq5aosa7jj2fhcl7nm5q"
          ],
          "state": "AVAILABLE",
          "subnet_domain_name": "workers01.clustervcn.oraclevcn.com",
          "time_created": "2021-02-12 11:15:20.148 +0000 UTC",
          "vcn_id": "ocid1.vcn.oc1.ap-mumbai-1.amaaaaaaulymzmialhjwujysq4fluhvys3ki2kyq6rak2qxtrn3ghu6watnq",
          "virtual_router_ip": "10.0.10.1",
          "virtual_router_mac": "00:00:17:E2:27:64"
        },
        {
          "availability_domain": "LxbT:AP-MUMBAI-1-AD-1",
          "cidr_block": "10.0.12.0/24",
          "compartment_id": "ocid1.compartment.oc1..aaaaaaaa4cffiat2knvzy4bjs7eprhns5qspej5pfcelkfvrb7s5vahgr4yq",
          "defined_tags": {
            "Oracle-Tags.CreatedBy": "oracleidentitycloudservice/krishna",
            "Oracle-Tags.CreatedOn": "2021-02-12T11:15:19.191Z"
          },
          "dhcp_options_id": "ocid1.dhcpoptions.oc1.ap-mumbai-1.aaaaaaaaopswatf4mf4ptc66bexzpmwfygpmaeuireifd4ujzdgpq3wxy4tq",
          "display_name": "Cluster-WorkerSubnet03",
          "dns_label": "workers03",
          "freeform_tags": {},
          "id": "ocid1.subnet.oc1.ap-mumbai-1.aaaaaaaal62zodqs2dqjavsqlcr52okkjd5i2r733u3wruaxia2vrobff5cq",
          "ipv6cidr_block": "",
          "ipv6public_cidr_block": "",
          "ipv6virtual_router_ip": "",
          "prohibit_public_ip_on_vnic": false,
          "route_table_id": "ocid1.routetable.oc1.ap-mumbai-1.aaaaaaaajq22k44nhr7uc344dlqtwd3i42low23jkj2h3ezdfbrazipj3wua",
          "security_list_ids": [
            "ocid1.securitylist.oc1.ap-mumbai-1.aaaaaaaannbisggdjehldtwf3klustie3ikho5h3jq5aosa7jj2fhcl7nm5q"
          ],
          "state": "AVAILABLE",
          "subnet_domain_name": "workers03.clustervcn.oraclevcn.com",
          "time_created": "2021-02-12 11:15:19.722 +0000 UTC",
          "vcn_id": "ocid1.vcn.oc1.ap-mumbai-1.amaaaaaaulymzmialhjwujysq4fluhvys3ki2kyq6rak2qxtrn3ghu6watnq",
          "virtual_router_ip": "10.0.12.1",
          "virtual_router_mac": "00:00:17:E2:27:64"
        },
        {
          "availability_domain": "LxbT:AP-MUMBAI-1-AD-1",
          "cidr_block": "10.0.20.0/24",
          "compartment_id": "ocid1.compartment.oc1..aaaaaaaa4cffiat2knvzy4bjs7eprhns5qspej5pfcelkfvrb7s5vahgr4yq",
          "defined_tags": {
            "Oracle-Tags.CreatedBy": "oracleidentitycloudservice/krishna",
            "Oracle-Tags.CreatedOn": "2021-02-12T11:15:18.768Z"
          },
          "dhcp_options_id": "ocid1.dhcpoptions.oc1.ap-mumbai-1.aaaaaaaaopswatf4mf4ptc66bexzpmwfygpmaeuireifd4ujzdgpq3wxy4tq",
          "display_name": "Cluster-LB-Subnet01",
          "dns_label": "lb01",
          "freeform_tags": {},
          "id": "ocid1.subnet.oc1.ap-mumbai-1.aaaaaaaalmvg4kq6mz62sotozrloxqn26q7tojrw4dpnzrzksyc3bodnbm5q",
          "ipv6cidr_block": "",
          "ipv6public_cidr_block": "",
          "ipv6virtual_router_ip": "",
          "prohibit_public_ip_on_vnic": false,
          "route_table_id": "ocid1.routetable.oc1.ap-mumbai-1.aaaaaaaajq22k44nhr7uc344dlqtwd3i42low23jkj2h3ezdfbrazipj3wua",
          "security_list_ids": [
            "ocid1.securitylist.oc1.ap-mumbai-1.aaaaaaaaycljhspjymjrec7awykod3gmnd3jm7gc6klge5d25yjffnwa5lcq"
          ],
          "state": "AVAILABLE",
          "subnet_domain_name": "lb01.clustervcn.oraclevcn.com",
          "time_created": "2021-02-12 11:15:19.473 +0000 UTC",
          "vcn_id": "ocid1.vcn.oc1.ap-mumbai-1.amaaaaaaulymzmialhjwujysq4fluhvys3ki2kyq6rak2qxtrn3ghu6watnq",
          "virtual_router_ip": "10.0.20.1",
          "virtual_router_mac": "00:00:17:E2:27:64"
        },
        {
          "availability_domain": "LxbT:AP-MUMBAI-1-AD-1",
          "cidr_block": "10.0.11.0/24",
          "compartment_id": "ocid1.compartment.oc1..aaaaaaaa4cffiat2knvzy4bjs7eprhns5qspej5pfcelkfvrb7s5vahgr4yq",
          "defined_tags": {
            "Oracle-Tags.CreatedBy": "oracleidentitycloudservice/krishna",
            "Oracle-Tags.CreatedOn": "2021-02-12T11:15:18.974Z"
          },
          "dhcp_options_id": "ocid1.dhcpoptions.oc1.ap-mumbai-1.aaaaaaaaopswatf4mf4ptc66bexzpmwfygpmaeuireifd4ujzdgpq3wxy4tq",
          "display_name": "Cluster-WorkerSubnet02",
          "dns_label": "workers02",
          "freeform_tags": {},
          "id": "ocid1.subnet.oc1.ap-mumbai-1.aaaaaaaa6wkdrfu3ylwigbdoro6wicscirmcnak77ev7ezdkreh6wshu34wa",
          "ipv6cidr_block": "",
          "ipv6public_cidr_block": "",
          "ipv6virtual_router_ip": "",
          "prohibit_public_ip_on_vnic": false,
          "route_table_id": "ocid1.routetable.oc1.ap-mumbai-1.aaaaaaaajq22k44nhr7uc344dlqtwd3i42low23jkj2h3ezdfbrazipj3wua",
          "security_list_ids": [
            "ocid1.securitylist.oc1.ap-mumbai-1.aaaaaaaannbisggdjehldtwf3klustie3ikho5h3jq5aosa7jj2fhcl7nm5q"
          ],
          "state": "AVAILABLE",
          "subnet_domain_name": "workers02.clustervcn.oraclevcn.com",
          "time_created": "2021-02-12 11:15:19.056 +0000 UTC",
          "vcn_id": "ocid1.vcn.oc1.ap-mumbai-1.amaaaaaaulymzmialhjwujysq4fluhvys3ki2kyq6rak2qxtrn3ghu6watnq",
          "virtual_router_ip": "10.0.11.1",
          "virtual_router_mac": "00:00:17:E2:27:64"
        },
        {
          "availability_domain": "LxbT:AP-MUMBAI-1-AD-1",
          "cidr_block": "10.0.21.0/24",
          "compartment_id": "ocid1.compartment.oc1..aaaaaaaa4cffiat2knvzy4bjs7eprhns5qspej5pfcelkfvrb7s5vahgr4yq",
          "defined_tags": {
            "Oracle-Tags.CreatedBy": "oracleidentitycloudservice/krishna",
            "Oracle-Tags.CreatedOn": "2021-02-12T11:15:18.723Z"
          },
          "dhcp_options_id": "ocid1.dhcpoptions.oc1.ap-mumbai-1.aaaaaaaaopswatf4mf4ptc66bexzpmwfygpmaeuireifd4ujzdgpq3wxy4tq",
          "display_name": "Cluster-LB-Subnet02",
          "dns_label": "lb02",
          "freeform_tags": {},
          "id": "ocid1.subnet.oc1.ap-mumbai-1.aaaaaaaadfj6bcm46joh2s4echgibokuhj3kvujfwzkc6ksow2rgnvwuunfa",
          "ipv6cidr_block": "",
          "ipv6public_cidr_block": "",
          "ipv6virtual_router_ip": "",
          "prohibit_public_ip_on_vnic": false,
          "route_table_id": "ocid1.routetable.oc1.ap-mumbai-1.aaaaaaaajq22k44nhr7uc344dlqtwd3i42low23jkj2h3ezdfbrazipj3wua",
          "security_list_ids": [
            "ocid1.securitylist.oc1.ap-mumbai-1.aaaaaaaaycljhspjymjrec7awykod3gmnd3jm7gc6klge5d25yjffnwa5lcq"
          ],
          "state": "AVAILABLE",
          "subnet_domain_name": "lb02.clustervcn.oraclevcn.com",
          "time_created": "2021-02-12 11:15:18.792 +0000 UTC",
          "vcn_id": "ocid1.vcn.oc1.ap-mumbai-1.amaaaaaaulymzmialhjwujysq4fluhvys3ki2kyq6rak2qxtrn3ghu6watnq",
          "virtual_router_ip": "10.0.21.1",
          "virtual_router_mac": "00:00:17:E2:27:64"
        }
      ],
      "type": [
        "list",
        [
          "object",
          {
            "availability_domain": "string",
            "cidr_block": "string",
            "compartment_id": "string",
            "defined_tags": [
              "map",
              "string"
            ],
            "dhcp_options_id": "string",
            "display_name": "string",
            "dns_label": "string",
            "freeform_tags": [
              "map",
              "string"
            ],
            "id": "string",
            "ipv6cidr_block": "string",
            "ipv6public_cidr_block": "string",
            "ipv6virtual_router_ip": "string",
            "prohibit_public_ip_on_vnic": "bool",
            "route_table_id": "string",
            "security_list_ids": [
              "list",
              "string"
            ],
            "state": "string",
            "subnet_domain_name": "string",
            "time_created": "string",
            "vcn_id": "string",
            "virtual_router_ip": "string",
            "virtual_router_mac": "string"
          }
        ]
      ]
    },
    "VCN": {
      "value": [
        {
          "cidr_block": "10.0.0.0/16",
          "cidr_blocks": [
            "10.0.0.0/16"
          ],
          "compartment_id": "ocid1.compartment.oc1..aaaaaaaa4cffiat2knvzy4bjs7eprhns5qspej5pfcelkfvrb7s5vahgr4yq",
          "default_dhcp_options_id": "ocid1.dhcpoptions.oc1.ap-mumbai-1.aaaaaaaaopswatf4mf4ptc66bexzpmwfygpmaeuireifd4ujzdgpq3wxy4tq",
          "default_route_table_id": "ocid1.routetable.oc1.ap-mumbai-1.aaaaaaaajq22k44nhr7uc344dlqtwd3i42low23jkj2h3ezdfbrazipj3wua",
          "default_security_list_id": "ocid1.securitylist.oc1.ap-mumbai-1.aaaaaaaafxt3zrpexdrxv5jwzsk22yub543x5ketnntvx3x3fp6ypl5fadbq",
          "defined_tags": {
            "Oracle-Tags.CreatedBy": "oracleidentitycloudservice/krishna",
            "Oracle-Tags.CreatedOn": "2021-02-12T11:15:17.437Z"
          },
          "display_name": "Cluster_vcn",
          "dns_label": "clustervcn",
          "freeform_tags": {},
          "id": "ocid1.vcn.oc1.ap-mumbai-1.amaaaaaaulymzmialhjwujysq4fluhvys3ki2kyq6rak2qxtrn3ghu6watnq",
          "ipv6cidr_block": "",
          "ipv6public_cidr_block": "",
          "is_ipv6enabled": false,
          "state": "AVAILABLE",
          "time_created": "2021-02-12 11:15:17.552 +0000 UTC",
          "vcn_domain_name": "clustervcn.oraclevcn.com"
        }
      ],
      "type": [
        "list",
        [
          "object",
          {
            "cidr_block": "string",
            "cidr_blocks": [
              "list",
              "string"
            ],
            "compartment_id": "string",
            "default_dhcp_options_id": "string",
            "default_route_table_id": "string",
            "default_security_list_id": "string",
            "defined_tags": [
              "map",
              "string"
            ],
            "display_name": "string",
            "dns_label": "string",
            "freeform_tags": [
              "map",
              "string"
            ],
            "id": "string",
            "ipv6cidr_block": "string",
            "ipv6public_cidr_block": "string",
            "is_ipv6enabled": "bool",
            "state": "string",
            "time_created": "string",
            "vcn_domain_name": "string"
          }
        ]
      ]
    },
    "cluster_id": {
      "value": "ocid1.cluster.oc1.ap-mumbai-1.aaaaaaaaaeygkmlemy3deolcgbqtqztdmftdkndfgfswknjrgcydgmzwme3t",
      "type": "string"
    }
  },
  "resources": [
    {
      "mode": "data",
      "type": "oci_containerengine_cluster_kube_config",
      "name": "tfsample_cluster_kube_config",
      "provider": "provider[\"registry.terraform.io/hashicorp/oci\"]",
      "instances": [
        {
          "schema_version": 0,
          "attributes": {
            "cluster_id": "ocid1.cluster.oc1.ap-mumbai-1.aaaaaaaaaeygkmlemy3deolcgbqtqztdmftdkndfgfswknjrgcydgmzwme3t",
            "content": "---\napiVersion: v1\nkind:\nclusters:\n- name: cluster-cydgmzwme3t\n  cluster:\n    server: https://192.29.163.102:6443\n    certificate-authority-data: LS0tLS1CRUdJTiBDRVJUSUZJQ0FURS0tLS0tCk1JSURqRENDQW5TZ0F3SUJBZ0lVU25EVS9RUWVnQ0MrVERwTFVxb0pxRHEvWHBnd0RRWUpLb1pJaHZjTkFRRUwKQlFBd1hqRUxNQWtHQTFVRUJoTUNWVk14RGpBTUJnTlZCQWdUQlZSbGVHRnpNUTh3RFFZRFZRUUhFd1pCZFhOMAphVzR4RHpBTkJnTlZCQW9UQms5eVlXTnNaVEVNTUFvR0ExVUVDeE1EVDBSWU1ROHdEUVlEVlFRREV3WkxPRk1nClEwRXdIaGNOTWpFd01qRXlNVEV4TVRBd1doY05Nall3TWpFeE1URXhNVEF3V2pCZU1Rc3dDUVlEVlFRR0V3SlYKVXpFT01Bd0dBMVVFQ0JNRlZHVjRZWE14RHpBTkJnTlZCQWNUQmtGMWMzUnBiakVQTUEwR0ExVUVDaE1HVDNKaApZMnhsTVF3d0NnWURWUVFMRXdOUFJGZ3hEekFOQmdOVkJBTVRCa3M0VXlCRFFUQ0NBU0l3RFFZSktvWklodmNOCkFRRUJCUUFEZ2dFUEFEQ0NBUW9DZ2dFQkFLNWNPRWR1eGFtVU5OSWNMUXJBVkNaRWV4V0VQWkVTRExOM256RTEKMENqY3NIOU1LQVNOeVF5RzhHODVOQzMvV0N3RFA2VjU1NlY1bDcrOFdTOFg5MStNVktpa1N4OEd6ZThVOUhQNgpUWmY5VG5NQzhRRjFEZFJhZ1laOWMrZ3RVWmpmNGZYRVFXYVhSQzJhZzNuc0QrTWN0RUFPamw4N0FsUWRrODRuCjNaUmM2Tmx6b2cvdGxYTjdudjJlZmVSdWtCRDRzSlhzTmNUS3hSaE9iRml3aDdiMUNKRnFMUDJtbmVteklDODgKamJOZEhRbmdPU01tdElwajFrTW84dExJbEN4T1NWV3FDZm41eUF0UmhyUFRkTUZ0QzVNTmFETzluOHdYWW9Rago1dlBKbXFQYjg1MkdkQXhRbWo5VHdrbFRlM1o5RVgvbm1kaE11NmtwUWxqYjVrMENBd0VBQWFOQ01FQXdEZ1lEClZSMFBBUUgvQkFRREFnRUdNQThHQTFVZEV3RUIvd1FGTUFNQkFmOHdIUVlEVlIwT0JCWUVGRUJYaGVGU3p0NTQKMVo2Qmx6VjV5aE9kNkFFZU1BMEdDU3FHU0liM0RRRUJDd1VBQTRJQkFRQ3RiSmNZMGZ0R3R1Yk5MZHo1UWsyRQpHbWU0RVhtNlhRakJYbUsvU2l4WE1wc1BNVWh1YjQ1ZG9vdEFHeVVDR0NKcEsyTU8wRUlnSmkwYkZxVVNLL0ZWCjdoUHFLcnNCSXk4Z1ZQb2s5c2pxVFF6N0xib08xekpDSTZGV0VRNVE4VS9nbkFGdmpwQjVIdGNWM3VNTHFoWi8KUmVTVlFJTjdndVdKeDZTcTJpNlpLdGRoS3c5R0wzOEZUR1NnZzh1TWtJSHVPclVja3lWeEo4S2QzMnNKdkhMSQpKeHFaZE0rdzVlUzQxV3d0QlM2djFzdW45WGZ4N0VCcEE3RldGNHpqSkZYbkI3KzI2WWdsbjM3T2RiNFdaYUJyCit5OEpDcDBuRTZZMTFJNFhzei9XazJ6ZmMvdFkvWU1XNmdvYWExZzJVNkd2N3JhcTdMTU5GQjUvK2s5eXk3dUQKLS0tLS1FTkQgQ0VSVElGSUNBVEUtLS0tLQo=\nusers:\n- name: user-cydgmzwme3t\n  user:\n    exec:\n      apiVersion: client.authentication.k8s.io/v1beta1\n      command: oci\n      args:\n      - ce\n      - cluster\n      - generate-token\n      - --cluster-id\n      - ocid1.cluster.oc1.ap-mumbai-1.aaaaaaaaaeygkmlemy3deolcgbqtqztdmftdkndfgfswknjrgcydgmzwme3t\n      - --region\n      - ap-mumbai-1\n      env: []\ncontexts:\n- name: context-cydgmzwme3t\n  context:\n    cluster: cluster-cydgmzwme3t\n    user: user-cydgmzwme3t\ncurrent-context: context-cydgmzwme3t\n",
            "expiration": null,
            "id": "ContainerengineClusterKubeConfigDataSource-2355023731",
            "token_version": null
          },
          "sensitive_attributes": []
        }
      ]
    },
    {
      "mode": "data",
      "type": "oci_core_dhcp_options",
      "name": "oke_dhcp_options",
      "provider": "provider[\"registry.terraform.io/hashicorp/oci\"]",
      "instances": [
        {
          "schema_version": 0,
          "attributes": {
            "compartment_id": "ocid1.compartment.oc1..aaaaaaaa4cffiat2knvzy4bjs7eprhns5qspej5pfcelkfvrb7s5vahgr4yq",
            "display_name": null,
            "filter": null,
            "id": "CoreDhcpOptionsDataSource-3513677294",
            "options": [
              {
                "compartment_id": "ocid1.compartment.oc1..aaaaaaaa4cffiat2knvzy4bjs7eprhns5qspej5pfcelkfvrb7s5vahgr4yq",
                "defined_tags": {
                  "Oracle-Tags.CreatedBy": "oracleidentitycloudservice/krishna",
                  "Oracle-Tags.CreatedOn": "2021-02-12T11:15:17.437Z"
                },
                "display_name": "Default DHCP Options for Cluster_vcn",
                "freeform_tags": {},
                "id": "ocid1.dhcpoptions.oc1.ap-mumbai-1.aaaaaaaaopswatf4mf4ptc66bexzpmwfygpmaeuireifd4ujzdgpq3wxy4tq",
                "options": [
                  {
                    "custom_dns_servers": [],
                    "search_domain_names": [],
                    "server_type": "VcnLocalPlusInternet",
                    "type": "DomainNameServer"
                  },
                  {
                    "custom_dns_servers": [],
                    "search_domain_names": [
                      "clustervcn.oraclevcn.com"
                    ],
                    "server_type": "",
                    "type": "SearchDomain"
                  }
                ],
                "state": "AVAILABLE",
                "time_created": "2021-02-12 11:15:17.678 +0000 UTC",
                "vcn_id": "ocid1.vcn.oc1.ap-mumbai-1.amaaaaaaulymzmialhjwujysq4fluhvys3ki2kyq6rak2qxtrn3ghu6watnq"
              }
            ],
            "state": null,
            "vcn_id": "ocid1.vcn.oc1.ap-mumbai-1.amaaaaaaulymzmialhjwujysq4fluhvys3ki2kyq6rak2qxtrn3ghu6watnq"
          },
          "sensitive_attributes": []
        }
      ]
    },
    {
      "mode": "data",
      "type": "oci_core_internet_gateways",
      "name": "oke-igateways",
      "provider": "provider[\"registry.terraform.io/hashicorp/oci\"]",
      "instances": [
        {
          "schema_version": 0,
          "attributes": {
            "compartment_id": "ocid1.compartment.oc1..aaaaaaaa4cffiat2knvzy4bjs7eprhns5qspej5pfcelkfvrb7s5vahgr4yq",
            "display_name": null,
            "filter": null,
            "gateways": [
              {
                "compartment_id": "ocid1.compartment.oc1..aaaaaaaa4cffiat2knvzy4bjs7eprhns5qspej5pfcelkfvrb7s5vahgr4yq",
                "defined_tags": {
                  "Oracle-Tags.CreatedBy": "oracleidentitycloudservice/krishna",
                  "Oracle-Tags.CreatedOn": "2021-02-12T11:15:18.191Z"
                },
                "display_name": "Cluster-igateway",
                "enabled": true,
                "freeform_tags": {},
                "id": "ocid1.internetgateway.oc1.ap-mumbai-1.aaaaaaaaaq64psznp7kviqomokcs2njqpuqr7esdqgizfna5cokmos6hhyra",
                "state": "AVAILABLE",
                "time_created": "2021-02-12 11:15:18.24 +0000 UTC",
                "vcn_id": "ocid1.vcn.oc1.ap-mumbai-1.amaaaaaaulymzmialhjwujysq4fluhvys3ki2kyq6rak2qxtrn3ghu6watnq"
              }
            ],
            "id": "CoreInternetGatewaysDataSource-3513677294",
            "state": null,
            "vcn_id": "ocid1.vcn.oc1.ap-mumbai-1.amaaaaaaulymzmialhjwujysq4fluhvys3ki2kyq6rak2qxtrn3ghu6watnq"
          },
          "sensitive_attributes": []
        }
      ]
    },
    {
      "mode": "data",
      "type": "oci_core_route_tables",
      "name": "oke_route_tables",
      "provider": "provider[\"registry.terraform.io/hashicorp/oci\"]",
      "instances": [
        {
          "schema_version": 0,
          "attributes": {
            "compartment_id": "ocid1.compartment.oc1..aaaaaaaa4cffiat2knvzy4bjs7eprhns5qspej5pfcelkfvrb7s5vahgr4yq",
            "display_name": null,
            "filter": null,
            "id": "CoreRouteTablesDataSource-3513677294",
            "route_tables": [
              {
                "compartment_id": "ocid1.compartment.oc1..aaaaaaaa4cffiat2knvzy4bjs7eprhns5qspej5pfcelkfvrb7s5vahgr4yq",
                "defined_tags": {
                  "Oracle-Tags.CreatedBy": "oracleidentitycloudservice/krishna",
                  "Oracle-Tags.CreatedOn": "2021-02-12T11:15:17.437Z"
                },
                "display_name": "Default Route Table for Cluster_vcn",
                "freeform_tags": {},
                "id": "ocid1.routetable.oc1.ap-mumbai-1.aaaaaaaajq22k44nhr7uc344dlqtwd3i42low23jkj2h3ezdfbrazipj3wua",
                "route_rules": [],
                "state": "AVAILABLE",
                "time_created": "2021-02-12 11:15:17.552 +0000 UTC",
                "vcn_id": "ocid1.vcn.oc1.ap-mumbai-1.amaaaaaaulymzmialhjwujysq4fluhvys3ki2kyq6rak2qxtrn3ghu6watnq"
              }
            ],
            "state": null,
            "vcn_id": "ocid1.vcn.oc1.ap-mumbai-1.amaaaaaaulymzmialhjwujysq4fluhvys3ki2kyq6rak2qxtrn3ghu6watnq"
          },
          "sensitive_attributes": []
        }
      ]
    },
    {
      "mode": "data",
      "type": "oci_core_security_lists",
      "name": "oke_security_lists",
      "provider": "provider[\"registry.terraform.io/hashicorp/oci\"]",
      "instances": [
        {
          "schema_version": 0,
          "attributes": {
            "compartment_id": "ocid1.compartment.oc1..aaaaaaaa4cffiat2knvzy4bjs7eprhns5qspej5pfcelkfvrb7s5vahgr4yq",
            "display_name": null,
            "filter": null,
            "id": "CoreSecurityListsDataSource-3513677294",
            "security_lists": [
              {
                "compartment_id": "ocid1.compartment.oc1..aaaaaaaa4cffiat2knvzy4bjs7eprhns5qspej5pfcelkfvrb7s5vahgr4yq",
                "defined_tags": {
                  "Oracle-Tags.CreatedBy": "oracleidentitycloudservice/krishna",
                  "Oracle-Tags.CreatedOn": "2021-02-12T11:15:18.262Z"
                },
                "display_name": "Cluster-Workers-SecList",
                "egress_security_rules": [
                  {
                    "description": "",
                    "destination": "0.0.0.0/0",
                    "destination_type": "CIDR_BLOCK",
                    "icmp_options": [],
                    "protocol": "6",
                    "stateless": false,
                    "tcp_options": [],
                    "udp_options": []
                  },
                  {
                    "description": "",
                    "destination": "10.0.12.0/24",
                    "destination_type": "CIDR_BLOCK",
                    "icmp_options": [],
                    "protocol": "all",
                    "stateless": true,
                    "tcp_options": [],
                    "udp_options": []
                  },
                  {
                    "description": "",
                    "destination": "10.0.10.0/24",
                    "destination_type": "CIDR_BLOCK",
                    "icmp_options": [],
                    "protocol": "all",
                    "stateless": true,
                    "tcp_options": [],
                    "udp_options": []
                  },
                  {
                    "description": "",
                    "destination": "10.0.11.0/24",
                    "destination_type": "CIDR_BLOCK",
                    "icmp_options": [],
                    "protocol": "all",
                    "stateless": true,
                    "tcp_options": [],
                    "udp_options": []
                  }
                ],
                "freeform_tags": {},
                "id": "ocid1.securitylist.oc1.ap-mumbai-1.aaaaaaaannbisggdjehldtwf3klustie3ikho5h3jq5aosa7jj2fhcl7nm5q",
                "ingress_security_rules": [
                  {
                    "description": "",
                    "icmp_options": [],
                    "protocol": "all",
                    "source": "10.0.11.0/24",
                    "source_type": "CIDR_BLOCK",
                    "stateless": true,
                    "tcp_options": [],
                    "udp_options": []
                  },
                  {
                    "description": "",
                    "icmp_options": [
                      {
                        "code": 4,
                        "type": 3
                      }
                    ],
                    "protocol": "1",
                    "source": "0.0.0.0/0",
                    "source_type": "CIDR_BLOCK",
                    "stateless": false,
                    "tcp_options": [],
                    "udp_options": []
                  },
                  {
                    "description": "",
                    "icmp_options": [],
                    "protocol": "6",
                    "source": "130.35.0.0/16",
                    "source_type": "CIDR_BLOCK",
                    "stateless": false,
                    "tcp_options": [
                      {
                        "max": 22,
                        "min": 22,
                        "source_port_range": []
                      }
                    ],
                    "udp_options": []
                  },
                  {
                    "description": "",
                    "icmp_options": [],
                    "protocol": "all",
                    "source": "10.0.10.0/24",
                    "source_type": "CIDR_BLOCK",
                    "stateless": true,
                    "tcp_options": [],
                    "udp_options": []
                  },
                  {
                    "description": "",
                    "icmp_options": [],
                    "protocol": "6",
                    "source": "0.0.0.0/0",
                    "source_type": "CIDR_BLOCK",
                    "stateless": true,
                    "tcp_options": [
                      {
                        "max": 32767,
                        "min": 30000,
                        "source_port_range": []
                      }
                    ],
                    "udp_options": []
                  },
                  {
                    "description": "",
                    "icmp_options": [],
                    "protocol": "6",
                    "source": "138.1.0.0/17",
                    "source_type": "CIDR_BLOCK",
                    "stateless": false,
                    "tcp_options": [
                      {
                        "max": 22,
                        "min": 22,
                        "source_port_range": []
                      }
                    ],
                    "udp_options": []
                  },
                  {
                    "description": "",
                    "icmp_options": [],
                    "protocol": "6",
                    "source": "0.0.0.0/0",
                    "source_type": "CIDR_BLOCK",
                    "stateless": false,
                    "tcp_options": [
                      {
                        "max": 22,
                        "min": 22,
                        "source_port_range": []
                      }
                    ],
                    "udp_options": []
                  },
                  {
                    "description": "",
                    "icmp_options": [],
                    "protocol": "all",
                    "source": "10.0.12.0/24",
                    "source_type": "CIDR_BLOCK",
                    "stateless": true,
                    "tcp_options": [],
                    "udp_options": []
                  }
                ],
                "state": "AVAILABLE",
                "time_created": "2021-02-12 11:15:18.301 +0000 UTC",
                "vcn_id": "ocid1.vcn.oc1.ap-mumbai-1.amaaaaaaulymzmialhjwujysq4fluhvys3ki2kyq6rak2qxtrn3ghu6watnq"
              },
              {
                "compartment_id": "ocid1.compartment.oc1..aaaaaaaa4cffiat2knvzy4bjs7eprhns5qspej5pfcelkfvrb7s5vahgr4yq",
                "defined_tags": {
                  "Oracle-Tags.CreatedBy": "oracleidentitycloudservice/krishna",
                  "Oracle-Tags.CreatedOn": "2021-02-12T11:15:18.259Z"
                },
                "display_name": "Cluster-LoadBalancers-SecList",
                "egress_security_rules": [
                  {
                    "description": "",
                    "destination": "0.0.0.0/0",
                    "destination_type": "CIDR_BLOCK",
                    "icmp_options": [],
                    "protocol": "6",
                    "stateless": true,
                    "tcp_options": [],
                    "udp_options": []
                  }
                ],
                "freeform_tags": {},
                "id": "ocid1.securitylist.oc1.ap-mumbai-1.aaaaaaaaycljhspjymjrec7awykod3gmnd3jm7gc6klge5d25yjffnwa5lcq",
                "ingress_security_rules": [
                  {
                    "description": "",
                    "icmp_options": [],
                    "protocol": "6",
                    "source": "0.0.0.0/0",
                    "source_type": "CIDR_BLOCK",
                    "stateless": true,
                    "tcp_options": [],
                    "udp_options": []
                  }
                ],
                "state": "AVAILABLE",
                "time_created": "2021-02-12 11:15:18.286 +0000 UTC",
                "vcn_id": "ocid1.vcn.oc1.ap-mumbai-1.amaaaaaaulymzmialhjwujysq4fluhvys3ki2kyq6rak2qxtrn3ghu6watnq"
              },
              {
                "compartment_id": "ocid1.compartment.oc1..aaaaaaaa4cffiat2knvzy4bjs7eprhns5qspej5pfcelkfvrb7s5vahgr4yq",
                "defined_tags": {
                  "Oracle-Tags.CreatedBy": "oracleidentitycloudservice/krishna",
                  "Oracle-Tags.CreatedOn": "2021-02-12T11:15:17.437Z"
                },
                "display_name": "Cluster-default-security-list",
                "egress_security_rules": [
                  {
                    "description": "",
                    "destination": "0.0.0.0/0",
                    "destination_type": "CIDR_BLOCK",
                    "icmp_options": [],
                    "protocol": "all",
                    "stateless": false,
                    "tcp_options": [],
                    "udp_options": []
                  }
                ],
                "freeform_tags": {},
                "id": "ocid1.securitylist.oc1.ap-mumbai-1.aaaaaaaafxt3zrpexdrxv5jwzsk22yub543x5ketnntvx3x3fp6ypl5fadbq",
                "ingress_security_rules": [
                  {
                    "description": "",
                    "icmp_options": [
                      {
                        "code": 4,
                        "type": 3
                      }
                    ],
                    "protocol": "1",
                    "source": "0.0.0.0/0",
                    "source_type": "CIDR_BLOCK",
                    "stateless": false,
                    "tcp_options": [],
                    "udp_options": []
                  },
                  {
                    "description": "",
                    "icmp_options": [],
                    "protocol": "6",
                    "source": "0.0.0.0/0",
                    "source_type": "CIDR_BLOCK",
                    "stateless": false,
                    "tcp_options": [
                      {
                        "max": 22,
                        "min": 22,
                        "source_port_range": []
                      }
                    ],
                    "udp_options": []
                  }
                ],
                "state": "AVAILABLE",
                "time_created": "2021-02-12 11:15:17.552 +0000 UTC",
                "vcn_id": "ocid1.vcn.oc1.ap-mumbai-1.amaaaaaaulymzmialhjwujysq4fluhvys3ki2kyq6rak2qxtrn3ghu6watnq"
              }
            ],
            "state": null,
            "vcn_id": "ocid1.vcn.oc1.ap-mumbai-1.amaaaaaaulymzmialhjwujysq4fluhvys3ki2kyq6rak2qxtrn3ghu6watnq"
          },
          "sensitive_attributes": []
        }
      ]
    },
    {
      "mode": "data",
      "type": "oci_core_subnets",
      "name": "oke_subnets",
      "provider": "provider[\"registry.terraform.io/hashicorp/oci\"]",
      "instances": [
        {
          "schema_version": 0,
          "attributes": {
            "compartment_id": "ocid1.compartment.oc1..aaaaaaaa4cffiat2knvzy4bjs7eprhns5qspej5pfcelkfvrb7s5vahgr4yq",
            "display_name": null,
            "filter": null,
            "id": "CoreSubnetsDataSource-3513677294",
            "state": null,
            "subnets": [
              {
                "availability_domain": "LxbT:AP-MUMBAI-1-AD-1",
                "cidr_block": "10.0.10.0/24",
                "compartment_id": "ocid1.compartment.oc1..aaaaaaaa4cffiat2knvzy4bjs7eprhns5qspej5pfcelkfvrb7s5vahgr4yq",
                "defined_tags": {
                  "Oracle-Tags.CreatedBy": "oracleidentitycloudservice/krishna",
                  "Oracle-Tags.CreatedOn": "2021-02-12T11:15:19.105Z"
                },
                "dhcp_options_id": "ocid1.dhcpoptions.oc1.ap-mumbai-1.aaaaaaaaopswatf4mf4ptc66bexzpmwfygpmaeuireifd4ujzdgpq3wxy4tq",
                "display_name": "Cluster-WorkerSubnet01",
                "dns_label": "workers01",
                "freeform_tags": {},
                "id": "ocid1.subnet.oc1.ap-mumbai-1.aaaaaaaar7oio7ap2ohbqmb36km5joc4ekypjehvy5detqyelgybs2viws4a",
                "ipv6cidr_block": "",
                "ipv6public_cidr_block": "",
                "ipv6virtual_router_ip": "",
                "prohibit_public_ip_on_vnic": false,
                "route_table_id": "ocid1.routetable.oc1.ap-mumbai-1.aaaaaaaajq22k44nhr7uc344dlqtwd3i42low23jkj2h3ezdfbrazipj3wua",
                "security_list_ids": [
                  "ocid1.securitylist.oc1.ap-mumbai-1.aaaaaaaannbisggdjehldtwf3klustie3ikho5h3jq5aosa7jj2fhcl7nm5q"
                ],
                "state": "AVAILABLE",
                "subnet_domain_name": "workers01.clustervcn.oraclevcn.com",
                "time_created": "2021-02-12 11:15:20.148 +0000 UTC",
                "vcn_id": "ocid1.vcn.oc1.ap-mumbai-1.amaaaaaaulymzmialhjwujysq4fluhvys3ki2kyq6rak2qxtrn3ghu6watnq",
                "virtual_router_ip": "10.0.10.1",
                "virtual_router_mac": "00:00:17:E2:27:64"
              },
              {
                "availability_domain": "LxbT:AP-MUMBAI-1-AD-1",
                "cidr_block": "10.0.12.0/24",
                "compartment_id": "ocid1.compartment.oc1..aaaaaaaa4cffiat2knvzy4bjs7eprhns5qspej5pfcelkfvrb7s5vahgr4yq",
                "defined_tags": {
                  "Oracle-Tags.CreatedBy": "oracleidentitycloudservice/krishna",
                  "Oracle-Tags.CreatedOn": "2021-02-12T11:15:19.191Z"
                },
                "dhcp_options_id": "ocid1.dhcpoptions.oc1.ap-mumbai-1.aaaaaaaaopswatf4mf4ptc66bexzpmwfygpmaeuireifd4ujzdgpq3wxy4tq",
                "display_name": "Cluster-WorkerSubnet03",
                "dns_label": "workers03",
                "freeform_tags": {},
                "id": "ocid1.subnet.oc1.ap-mumbai-1.aaaaaaaal62zodqs2dqjavsqlcr52okkjd5i2r733u3wruaxia2vrobff5cq",
                "ipv6cidr_block": "",
                "ipv6public_cidr_block": "",
                "ipv6virtual_router_ip": "",
                "prohibit_public_ip_on_vnic": false,
                "route_table_id": "ocid1.routetable.oc1.ap-mumbai-1.aaaaaaaajq22k44nhr7uc344dlqtwd3i42low23jkj2h3ezdfbrazipj3wua",
                "security_list_ids": [
                  "ocid1.securitylist.oc1.ap-mumbai-1.aaaaaaaannbisggdjehldtwf3klustie3ikho5h3jq5aosa7jj2fhcl7nm5q"
                ],
                "state": "AVAILABLE",
                "subnet_domain_name": "workers03.clustervcn.oraclevcn.com",
                "time_created": "2021-02-12 11:15:19.722 +0000 UTC",
                "vcn_id": "ocid1.vcn.oc1.ap-mumbai-1.amaaaaaaulymzmialhjwujysq4fluhvys3ki2kyq6rak2qxtrn3ghu6watnq",
                "virtual_router_ip": "10.0.12.1",
                "virtual_router_mac": "00:00:17:E2:27:64"
              },
              {
                "availability_domain": "LxbT:AP-MUMBAI-1-AD-1",
                "cidr_block": "10.0.20.0/24",
                "compartment_id": "ocid1.compartment.oc1..aaaaaaaa4cffiat2knvzy4bjs7eprhns5qspej5pfcelkfvrb7s5vahgr4yq",
                "defined_tags": {
                  "Oracle-Tags.CreatedBy": "oracleidentitycloudservice/krishna",
                  "Oracle-Tags.CreatedOn": "2021-02-12T11:15:18.768Z"
                },
                "dhcp_options_id": "ocid1.dhcpoptions.oc1.ap-mumbai-1.aaaaaaaaopswatf4mf4ptc66bexzpmwfygpmaeuireifd4ujzdgpq3wxy4tq",
                "display_name": "Cluster-LB-Subnet01",
                "dns_label": "lb01",
                "freeform_tags": {},
                "id": "ocid1.subnet.oc1.ap-mumbai-1.aaaaaaaalmvg4kq6mz62sotozrloxqn26q7tojrw4dpnzrzksyc3bodnbm5q",
                "ipv6cidr_block": "",
                "ipv6public_cidr_block": "",
                "ipv6virtual_router_ip": "",
                "prohibit_public_ip_on_vnic": false,
                "route_table_id": "ocid1.routetable.oc1.ap-mumbai-1.aaaaaaaajq22k44nhr7uc344dlqtwd3i42low23jkj2h3ezdfbrazipj3wua",
                "security_list_ids": [
                  "ocid1.securitylist.oc1.ap-mumbai-1.aaaaaaaaycljhspjymjrec7awykod3gmnd3jm7gc6klge5d25yjffnwa5lcq"
                ],
                "state": "AVAILABLE",
                "subnet_domain_name": "lb01.clustervcn.oraclevcn.com",
                "time_created": "2021-02-12 11:15:19.473 +0000 UTC",
                "vcn_id": "ocid1.vcn.oc1.ap-mumbai-1.amaaaaaaulymzmialhjwujysq4fluhvys3ki2kyq6rak2qxtrn3ghu6watnq",
                "virtual_router_ip": "10.0.20.1",
                "virtual_router_mac": "00:00:17:E2:27:64"
              },
              {
                "availability_domain": "LxbT:AP-MUMBAI-1-AD-1",
                "cidr_block": "10.0.11.0/24",
                "compartment_id": "ocid1.compartment.oc1..aaaaaaaa4cffiat2knvzy4bjs7eprhns5qspej5pfcelkfvrb7s5vahgr4yq",
                "defined_tags": {
                  "Oracle-Tags.CreatedBy": "oracleidentitycloudservice/krishna",
                  "Oracle-Tags.CreatedOn": "2021-02-12T11:15:18.974Z"
                },
                "dhcp_options_id": "ocid1.dhcpoptions.oc1.ap-mumbai-1.aaaaaaaaopswatf4mf4ptc66bexzpmwfygpmaeuireifd4ujzdgpq3wxy4tq",
                "display_name": "Cluster-WorkerSubnet02",
                "dns_label": "workers02",
                "freeform_tags": {},
                "id": "ocid1.subnet.oc1.ap-mumbai-1.aaaaaaaa6wkdrfu3ylwigbdoro6wicscirmcnak77ev7ezdkreh6wshu34wa",
                "ipv6cidr_block": "",
                "ipv6public_cidr_block": "",
                "ipv6virtual_router_ip": "",
                "prohibit_public_ip_on_vnic": false,
                "route_table_id": "ocid1.routetable.oc1.ap-mumbai-1.aaaaaaaajq22k44nhr7uc344dlqtwd3i42low23jkj2h3ezdfbrazipj3wua",
                "security_list_ids": [
                  "ocid1.securitylist.oc1.ap-mumbai-1.aaaaaaaannbisggdjehldtwf3klustie3ikho5h3jq5aosa7jj2fhcl7nm5q"
                ],
                "state": "AVAILABLE",
                "subnet_domain_name": "workers02.clustervcn.oraclevcn.com",
                "time_created": "2021-02-12 11:15:19.056 +0000 UTC",
                "vcn_id": "ocid1.vcn.oc1.ap-mumbai-1.amaaaaaaulymzmialhjwujysq4fluhvys3ki2kyq6rak2qxtrn3ghu6watnq",
                "virtual_router_ip": "10.0.11.1",
                "virtual_router_mac": "00:00:17:E2:27:64"
              },
              {
                "availability_domain": "LxbT:AP-MUMBAI-1-AD-1",
                "cidr_block": "10.0.21.0/24",
                "compartment_id": "ocid1.compartment.oc1..aaaaaaaa4cffiat2knvzy4bjs7eprhns5qspej5pfcelkfvrb7s5vahgr4yq",
                "defined_tags": {
                  "Oracle-Tags.CreatedBy": "oracleidentitycloudservice/krishna",
                  "Oracle-Tags.CreatedOn": "2021-02-12T11:15:18.723Z"
                },
                "dhcp_options_id": "ocid1.dhcpoptions.oc1.ap-mumbai-1.aaaaaaaaopswatf4mf4ptc66bexzpmwfygpmaeuireifd4ujzdgpq3wxy4tq",
                "display_name": "Cluster-LB-Subnet02",
                "dns_label": "lb02",
                "freeform_tags": {},
                "id": "ocid1.subnet.oc1.ap-mumbai-1.aaaaaaaadfj6bcm46joh2s4echgibokuhj3kvujfwzkc6ksow2rgnvwuunfa",
                "ipv6cidr_block": "",
                "ipv6public_cidr_block": "",
                "ipv6virtual_router_ip": "",
                "prohibit_public_ip_on_vnic": false,
                "route_table_id": "ocid1.routetable.oc1.ap-mumbai-1.aaaaaaaajq22k44nhr7uc344dlqtwd3i42low23jkj2h3ezdfbrazipj3wua",
                "security_list_ids": [
                  "ocid1.securitylist.oc1.ap-mumbai-1.aaaaaaaaycljhspjymjrec7awykod3gmnd3jm7gc6klge5d25yjffnwa5lcq"
                ],
                "state": "AVAILABLE",
                "subnet_domain_name": "lb02.clustervcn.oraclevcn.com",
                "time_created": "2021-02-12 11:15:18.792 +0000 UTC",
                "vcn_id": "ocid1.vcn.oc1.ap-mumbai-1.amaaaaaaulymzmialhjwujysq4fluhvys3ki2kyq6rak2qxtrn3ghu6watnq",
                "virtual_router_ip": "10.0.21.1",
                "virtual_router_mac": "00:00:17:E2:27:64"
              }
            ],
            "vcn_id": "ocid1.vcn.oc1.ap-mumbai-1.amaaaaaaulymzmialhjwujysq4fluhvys3ki2kyq6rak2qxtrn3ghu6watnq"
          },
          "sensitive_attributes": []
        }
      ]
    },
    {
      "mode": "data",
      "type": "oci_core_virtual_networks",
      "name": "oke-vcns",
      "provider": "provider[\"registry.terraform.io/hashicorp/oci\"]",
      "instances": [
        {
          "schema_version": 0,
          "attributes": {
            "compartment_id": "ocid1.compartment.oc1..aaaaaaaa4cffiat2knvzy4bjs7eprhns5qspej5pfcelkfvrb7s5vahgr4yq",
            "display_name": "Cluster_vcn",
            "filter": null,
            "id": "CoreVcnsDataSource-1777932344",
            "state": null,
            "virtual_networks": [
              {
                "cidr_block": "10.0.0.0/16",
                "cidr_blocks": [
                  "10.0.0.0/16"
                ],
                "compartment_id": "ocid1.compartment.oc1..aaaaaaaa4cffiat2knvzy4bjs7eprhns5qspej5pfcelkfvrb7s5vahgr4yq",
                "default_dhcp_options_id": "ocid1.dhcpoptions.oc1.ap-mumbai-1.aaaaaaaaopswatf4mf4ptc66bexzpmwfygpmaeuireifd4ujzdgpq3wxy4tq",
                "default_route_table_id": "ocid1.routetable.oc1.ap-mumbai-1.aaaaaaaajq22k44nhr7uc344dlqtwd3i42low23jkj2h3ezdfbrazipj3wua",
                "default_security_list_id": "ocid1.securitylist.oc1.ap-mumbai-1.aaaaaaaafxt3zrpexdrxv5jwzsk22yub543x5ketnntvx3x3fp6ypl5fadbq",
                "defined_tags": {
                  "Oracle-Tags.CreatedBy": "oracleidentitycloudservice/krishna",
                  "Oracle-Tags.CreatedOn": "2021-02-12T11:15:17.437Z"
                },
                "display_name": "Cluster_vcn",
                "dns_label": "clustervcn",
                "freeform_tags": {},
                "id": "ocid1.vcn.oc1.ap-mumbai-1.amaaaaaaulymzmialhjwujysq4fluhvys3ki2kyq6rak2qxtrn3ghu6watnq",
                "ipv6cidr_block": "",
                "ipv6public_cidr_block": "",
                "is_ipv6enabled": false,
                "state": "AVAILABLE",
                "time_created": "2021-02-12 11:15:17.552 +0000 UTC",
                "vcn_domain_name": "clustervcn.oraclevcn.com"
              }
            ]
          },
          "sensitive_attributes": []
        }
      ]
    },
    {
      "mode": "data",
      "type": "oci_identity_availability_domains",
      "name": "ADs",
      "provider": "provider[\"registry.terraform.io/hashicorp/oci\"]",
      "instances": [
        {
          "schema_version": 0,
          "attributes": {
            "availability_domains": [
              {
                "compartment_id": "ocid1.tenancy.oc1..aaaaaaaaasqft24cgqwb6lsyij3kmp4nsoiwyn5mboi23mzxywgppre2m6cq",
                "id": "ocid1.availabilitydomain.oc1..aaaaaaaaqnfxrjivkxya4njkefe2dgbfwua6mxpvzhqal6zzekgsvjchoyjq",
                "name": "LxbT:AP-MUMBAI-1-AD-1"
              }
            ],
            "compartment_id": "ocid1.tenancy.oc1..aaaaaaaaasqft24cgqwb6lsyij3kmp4nsoiwyn5mboi23mzxywgppre2m6cq",
            "filter": null,
            "id": "IdentityAvailabilityDomainsDataSource-2930380747"
          },
          "sensitive_attributes": []
        }
      ]
    },
    {
      "mode": "data",
      "type": "oci_identity_availability_domains",
      "name": "tfsample_availability_domains",
      "provider": "provider[\"registry.terraform.io/hashicorp/oci\"]",
      "instances": [
        {
          "schema_version": 0,
          "attributes": {
            "availability_domains": [
              {
                "compartment_id": "ocid1.compartment.oc1..aaaaaaaa4cffiat2knvzy4bjs7eprhns5qspej5pfcelkfvrb7s5vahgr4yq",
                "id": "ocid1.availabilitydomain.oc1..aaaaaaaaqnfxrjivkxya4njkefe2dgbfwua6mxpvzhqal6zzekgsvjchoyjq",
                "name": "LxbT:AP-MUMBAI-1-AD-1"
              }
            ],
            "compartment_id": "ocid1.compartment.oc1..aaaaaaaa4cffiat2knvzy4bjs7eprhns5qspej5pfcelkfvrb7s5vahgr4yq",
            "filter": null,
            "id": "IdentityAvailabilityDomainsDataSource-1416937077"
          },
          "sensitive_attributes": []
        }
      ]
    },
    {
      "mode": "data",
      "type": "oci_identity_compartments",
      "name": "oke-compartment",
      "provider": "provider[\"registry.terraform.io/hashicorp/oci\"]",
      "instances": [
        {
          "schema_version": 0,
          "attributes": {
            "access_level": null,
            "compartment_id": "ocid1.compartment.oc1..aaaaaaaa4cffiat2knvzy4bjs7eprhns5qspej5pfcelkfvrb7s5vahgr4yq",
            "compartment_id_in_subtree": null,
            "compartments": [],
            "filter": [
              {
                "name": "name",
                "regex": false,
                "values": [
                  "Terraform"
                ]
              }
            ],
            "id": "IdentityCompartmentsDataSource-1416937077",
            "name": null,
            "state": null
          },
          "sensitive_attributes": []
        }
      ]
    },
    {
      "mode": "managed",
      "type": "local_file",
      "name": "tfsample_cluster_kube_config_file",
      "provider": "provider[\"registry.terraform.io/hashicorp/local\"]",
      "instances": [
        {
          "schema_version": 0,
          "attributes": {
            "content": "---\napiVersion: v1\nkind:\nclusters:\n- name: cluster-cydgmzwme3t\n  cluster:\n    server: https://192.29.163.102:6443\n    certificate-authority-data: LS0tLS1CRUdJTiBDRVJUSUZJQ0FURS0tLS0tCk1JSURqRENDQW5TZ0F3SUJBZ0lVU25EVS9RUWVnQ0MrVERwTFVxb0pxRHEvWHBnd0RRWUpLb1pJaHZjTkFRRUwKQlFBd1hqRUxNQWtHQTFVRUJoTUNWVk14RGpBTUJnTlZCQWdUQlZSbGVHRnpNUTh3RFFZRFZRUUhFd1pCZFhOMAphVzR4RHpBTkJnTlZCQW9UQms5eVlXTnNaVEVNTUFvR0ExVUVDeE1EVDBSWU1ROHdEUVlEVlFRREV3WkxPRk1nClEwRXdIaGNOTWpFd01qRXlNVEV4TVRBd1doY05Nall3TWpFeE1URXhNVEF3V2pCZU1Rc3dDUVlEVlFRR0V3SlYKVXpFT01Bd0dBMVVFQ0JNRlZHVjRZWE14RHpBTkJnTlZCQWNUQmtGMWMzUnBiakVQTUEwR0ExVUVDaE1HVDNKaApZMnhsTVF3d0NnWURWUVFMRXdOUFJGZ3hEekFOQmdOVkJBTVRCa3M0VXlCRFFUQ0NBU0l3RFFZSktvWklodmNOCkFRRUJCUUFEZ2dFUEFEQ0NBUW9DZ2dFQkFLNWNPRWR1eGFtVU5OSWNMUXJBVkNaRWV4V0VQWkVTRExOM256RTEKMENqY3NIOU1LQVNOeVF5RzhHODVOQzMvV0N3RFA2VjU1NlY1bDcrOFdTOFg5MStNVktpa1N4OEd6ZThVOUhQNgpUWmY5VG5NQzhRRjFEZFJhZ1laOWMrZ3RVWmpmNGZYRVFXYVhSQzJhZzNuc0QrTWN0RUFPamw4N0FsUWRrODRuCjNaUmM2Tmx6b2cvdGxYTjdudjJlZmVSdWtCRDRzSlhzTmNUS3hSaE9iRml3aDdiMUNKRnFMUDJtbmVteklDODgKamJOZEhRbmdPU01tdElwajFrTW84dExJbEN4T1NWV3FDZm41eUF0UmhyUFRkTUZ0QzVNTmFETzluOHdYWW9Rago1dlBKbXFQYjg1MkdkQXhRbWo5VHdrbFRlM1o5RVgvbm1kaE11NmtwUWxqYjVrMENBd0VBQWFOQ01FQXdEZ1lEClZSMFBBUUgvQkFRREFnRUdNQThHQTFVZEV3RUIvd1FGTUFNQkFmOHdIUVlEVlIwT0JCWUVGRUJYaGVGU3p0NTQKMVo2Qmx6VjV5aE9kNkFFZU1BMEdDU3FHU0liM0RRRUJDd1VBQTRJQkFRQ3RiSmNZMGZ0R3R1Yk5MZHo1UWsyRQpHbWU0RVhtNlhRakJYbUsvU2l4WE1wc1BNVWh1YjQ1ZG9vdEFHeVVDR0NKcEsyTU8wRUlnSmkwYkZxVVNLL0ZWCjdoUHFLcnNCSXk4Z1ZQb2s5c2pxVFF6N0xib08xekpDSTZGV0VRNVE4VS9nbkFGdmpwQjVIdGNWM3VNTHFoWi8KUmVTVlFJTjdndVdKeDZTcTJpNlpLdGRoS3c5R0wzOEZUR1NnZzh1TWtJSHVPclVja3lWeEo4S2QzMnNKdkhMSQpKeHFaZE0rdzVlUzQxV3d0QlM2djFzdW45WGZ4N0VCcEE3RldGNHpqSkZYbkI3KzI2WWdsbjM3T2RiNFdaYUJyCit5OEpDcDBuRTZZMTFJNFhzei9XazJ6ZmMvdFkvWU1XNmdvYWExZzJVNkd2N3JhcTdMTU5GQjUvK2s5eXk3dUQKLS0tLS1FTkQgQ0VSVElGSUNBVEUtLS0tLQo=\nusers:\n- name: user-cydgmzwme3t\n  user:\n    exec:\n      apiVersion: client.authentication.k8s.io/v1beta1\n      command: oci\n      args:\n      - ce\n      - cluster\n      - generate-token\n      - --cluster-id\n      - ocid1.cluster.oc1.ap-mumbai-1.aaaaaaaaaeygkmlemy3deolcgbqtqztdmftdkndfgfswknjrgcydgmzwme3t\n      - --region\n      - ap-mumbai-1\n      env: []\ncontexts:\n- name: context-cydgmzwme3t\n  context:\n    cluster: cluster-cydgmzwme3t\n    user: user-cydgmzwme3t\ncurrent-context: context-cydgmzwme3t\n",
            "content_base64": null,
            "directory_permission": "0777",
            "file_permission": "0777",
            "filename": "./Cluster_kubeconfig",
            "id": "b90aeb2c1d1c96e6baa8f8cbfe2a60d1f444b1a2",
            "sensitive_content": null,
            "source": null
          },
          "sensitive_attributes": [],
          "private": "bnVsbA==",
          "dependencies": [
            "data.oci_containerengine_cluster_kube_config.tfsample_cluster_kube_config",
            "oci_containerengine_cluster.tfsample_cluster",
            "oci_core_virtual_network.oke-vcn"
          ]
        }
      ]
    },
    {
      "mode": "managed",
      "type": "oci_containerengine_cluster",
      "name": "tfsample_cluster",
      "provider": "provider[\"registry.terraform.io/hashicorp/oci\"]",
      "instances": [
        {
          "schema_version": 0,
          "attributes": {
            "available_kubernetes_upgrades": [
              "v1.19.7"
            ],
            "compartment_id": "ocid1.compartment.oc1..aaaaaaaa4cffiat2knvzy4bjs7eprhns5qspej5pfcelkfvrb7s5vahgr4yq",
            "endpoints": [
              {
                "kubernetes": "192.29.163.102:6443"
              }
            ],
            "id": "ocid1.cluster.oc1.ap-mumbai-1.aaaaaaaaaeygkmlemy3deolcgbqtqztdmftdkndfgfswknjrgcydgmzwme3t",
            "kms_key_id": "",
            "kubernetes_version": "v1.18.10",
            "lifecycle_details": "",
            "metadata": [
              {
                "created_by_user_id": "ocid1.user.oc1..aaaaaaaan6dokkau7zyiemiggmkht2vvkvhgij3usqnhms5jvddm6h6tbfza",
                "created_by_work_request_id": "ocid1.clustersworkrequest.oc1.ap-mumbai-1.aaaaaaaaafqtszbvhbsdcobsmfrdayjzmu3wcnrvmiytayrzmwygmnjtmqyd",
                "deleted_by_user_id": "",
                "deleted_by_work_request_id": "",
                "time_created": "2021-02-12 11:15:18 +0000 UTC",
                "time_deleted": "9999-09-08 23:59:59 +0000 UTC",
                "time_updated": "",
                "updated_by_user_id": "",
                "updated_by_work_request_id": ""
              }
            ],
            "name": "Cluster",
            "options": [
              {
                "add_ons": [
                  {
                    "is_kubernetes_dashboard_enabled": true,
                    "is_tiller_enabled": true
                  }
                ],
                "admission_controller_options": [
                  {
                    "is_pod_security_policy_enabled": false
                  }
                ],
                "kubernetes_network_config": [
                  {
                    "pods_cidr": "10.244.0.0/16",
                    "services_cidr": "10.96.0.0/16"
                  }
                ],
                "service_lb_subnet_ids": []
              }
            ],
            "state": "ACTIVE",
            "timeouts": null,
            "vcn_id": "ocid1.vcn.oc1.ap-mumbai-1.amaaaaaaulymzmialhjwujysq4fluhvys3ki2kyq6rak2qxtrn3ghu6watnq"
          },
          "sensitive_attributes": [],
          "private": "eyJlMmJmYjczMC1lY2FhLTExZTYtOGY4OC0zNDM2M2JjN2M0YzAiOnsiY3JlYXRlIjozNjAwMDAwMDAwMDAwLCJkZWxldGUiOjM2MDAwMDAwMDAwMDAsInVwZGF0ZSI6MzYwMDAwMDAwMDAwMH19",
          "dependencies": [
            "oci_core_virtual_network.oke-vcn"
          ]
        }
      ]
    },
    {
      "mode": "managed",
      "type": "oci_containerengine_node_pool",
      "name": "tfsample_node_pool",
      "provider": "provider[\"registry.terraform.io/hashicorp/oci\"]",
      "instances": [
        {
          "schema_version": 0,
          "attributes": {
            "cluster_id": "ocid1.cluster.oc1.ap-mumbai-1.aaaaaaaaaeygkmlemy3deolcgbqtqztdmftdkndfgfswknjrgcydgmzwme3t",
            "compartment_id": "ocid1.compartment.oc1..aaaaaaaa4cffiat2knvzy4bjs7eprhns5qspej5pfcelkfvrb7s5vahgr4yq",
            "id": "ocid1.nodepool.oc1.ap-mumbai-1.aaaaaaaaaftgezddmjrtsmtfhezdmn3bmrsgizlcmuygenrzgnzwgnbzmyyw",
            "initial_node_labels": [],
            "kubernetes_version": "v1.18.10",
            "name": "tfTestCluster_workers",
            "node_config_details": [
              {
                "placement_configs": [
                  {
                    "availability_domain": "LxbT:AP-MUMBAI-1-AD-1",
                    "subnet_id": "ocid1.subnet.oc1.ap-mumbai-1.aaaaaaaa6wkdrfu3ylwigbdoro6wicscirmcnak77ev7ezdkreh6wshu34wa"
                  },
                  {
                    "availability_domain": "LxbT:AP-MUMBAI-1-AD-1",
                    "subnet_id": "ocid1.subnet.oc1.ap-mumbai-1.aaaaaaaal62zodqs2dqjavsqlcr52okkjd5i2r733u3wruaxia2vrobff5cq"
                  },
                  {
                    "availability_domain": "LxbT:AP-MUMBAI-1-AD-1",
                    "subnet_id": "ocid1.subnet.oc1.ap-mumbai-1.aaaaaaaar7oio7ap2ohbqmb36km5joc4ekypjehvy5detqyelgybs2viws4a"
                  }
                ],
                "size": 6
              }
            ],
            "node_image_id": "ocid1.image.oc1.ap-mumbai-1.aaaaaaaaf6bipkx4bexuqwkjhttzkccoew6jktnskasx7g46mnpfp5p2uncq",
            "node_image_name": "Oracle-Linux-7.6",
            "node_metadata": {},
            "node_shape": "VM.Standard2.1",
            "node_shape_config": [],
            "node_source": [
              {
                "image_id": "ocid1.image.oc1.ap-mumbai-1.aaaaaaaaf6bipkx4bexuqwkjhttzkccoew6jktnskasx7g46mnpfp5p2uncq",
                "source_name": "Oracle-Linux-7.6",
                "source_type": "IMAGE"
              }
            ],
            "node_source_details": [
              {
                "boot_volume_size_in_gbs": "",
                "image_id": "ocid1.image.oc1.ap-mumbai-1.aaaaaaaaf6bipkx4bexuqwkjhttzkccoew6jktnskasx7g46mnpfp5p2uncq",
                "source_type": "IMAGE"
              }
            ],
            "nodes": [],
            "quantity_per_subnet": 2,
            "ssh_public_key": "ssh-rsa AAAAB3NzaC1yc2EAAAABJQAAAQEAhqXpiwufmWCWjfP3r44hKOXeQut7sj7yRDbJW+dTwYL3ynOksAEBGRTsXAPtEc3s/btavVwhT+O5GwsPHKv3g1uPD4yw33wG+/aSFZ3IV1F1Vi0RG5ipHSlwecgmaoNGP2E3ZJnvG3Glp3wkERI+K9RusuvrpxxysQrGrhv0yLzFl55iE3hT2HUtKef/QVk9eSltKyTYFAHQRxSaBnoo10K6zVSuHet5PHA8FkmXgdho77weHi14L7fH+exKXscFSmznNF8YCeOe1hTNWbFMFT5SiLVuv2NHGOV/6eJqtk6qWhHHj3yZVUv/jKtfs2eTU+HsgsxBGKhiebzo598T8w== rsa-key-20170125",
            "subnet_ids": [
              "ocid1.subnet.oc1.ap-mumbai-1.aaaaaaaa6wkdrfu3ylwigbdoro6wicscirmcnak77ev7ezdkreh6wshu34wa",
              "ocid1.subnet.oc1.ap-mumbai-1.aaaaaaaal62zodqs2dqjavsqlcr52okkjd5i2r733u3wruaxia2vrobff5cq",
              "ocid1.subnet.oc1.ap-mumbai-1.aaaaaaaar7oio7ap2ohbqmb36km5joc4ekypjehvy5detqyelgybs2viws4a"
            ],
            "timeouts": null
          },
          "sensitive_attributes": [],
          "private": "eyJlMmJmYjczMC1lY2FhLTExZTYtOGY4OC0zNDM2M2JjN2M0YzAiOnsiY3JlYXRlIjoxMjAwMDAwMDAwMDAwLCJkZWxldGUiOjEyMDAwMDAwMDAwMDAsInVwZGF0ZSI6MTIwMDAwMDAwMDAwMH19",
          "dependencies": [
            "oci_containerengine_cluster.tfsample_cluster",
            "oci_core_security_list.oke-worker-security-list",
            "oci_core_subnet.oke-subnet-worker-1",
            "oci_core_subnet.oke-subnet-worker-2",
            "oci_core_subnet.oke-subnet-worker-3",
            "oci_core_virtual_network.oke-vcn"
          ]
        }
      ]
    },
    {
      "mode": "managed",
      "type": "oci_core_default_dhcp_options",
      "name": "oke-default-dhcp-options",
      "provider": "provider[\"registry.terraform.io/hashicorp/oci\"]",
      "instances": [
        {
          "schema_version": 0,
          "attributes": {
            "defined_tags": {
              "Oracle-Tags.CreatedBy": "oracleidentitycloudservice/krishna",
              "Oracle-Tags.CreatedOn": "2021-02-12T11:15:17.437Z"
            },
            "display_name": "Cluster-default-dhcp-options",
            "freeform_tags": {},
            "id": "ocid1.dhcpoptions.oc1.ap-mumbai-1.aaaaaaaaopswatf4mf4ptc66bexzpmwfygpmaeuireifd4ujzdgpq3wxy4tq",
            "manage_default_resource_id": "ocid1.dhcpoptions.oc1.ap-mumbai-1.aaaaaaaaopswatf4mf4ptc66bexzpmwfygpmaeuireifd4ujzdgpq3wxy4tq",
            "options": [
              {
                "custom_dns_servers": [],
                "search_domain_names": [],
                "server_type": "VcnLocalPlusInternet",
                "type": "DomainNameServer"
              }
            ],
            "state": "AVAILABLE",
            "time_created": "2021-02-12 11:15:17.678 +0000 UTC",
            "timeouts": null
          },
          "sensitive_attributes": [],
          "private": "eyJlMmJmYjczMC1lY2FhLTExZTYtOGY4OC0zNDM2M2JjN2M0YzAiOnsiY3JlYXRlIjoxMjAwMDAwMDAwMDAwLCJkZWxldGUiOjEyMDAwMDAwMDAwMDAsInVwZGF0ZSI6MTIwMDAwMDAwMDAwMH19",
          "dependencies": [
            "oci_core_virtual_network.oke-vcn"
          ]
        }
      ]
    },
    {
      "mode": "managed",
      "type": "oci_core_default_route_table",
      "name": "oke-default-route-table",
      "provider": "provider[\"registry.terraform.io/hashicorp/oci\"]",
      "instances": [
        {
          "schema_version": 0,
          "attributes": {
            "defined_tags": {
              "Oracle-Tags.CreatedBy": "oracleidentitycloudservice/krishna",
              "Oracle-Tags.CreatedOn": "2021-02-12T11:15:17.437Z"
            },
            "display_name": "Cluster-default-route-table",
            "freeform_tags": {},
            "id": "ocid1.routetable.oc1.ap-mumbai-1.aaaaaaaajq22k44nhr7uc344dlqtwd3i42low23jkj2h3ezdfbrazipj3wua",
            "manage_default_resource_id": "ocid1.routetable.oc1.ap-mumbai-1.aaaaaaaajq22k44nhr7uc344dlqtwd3i42low23jkj2h3ezdfbrazipj3wua",
            "route_rules": [
              {
                "cidr_block": "0.0.0.0/0",
                "description": "",
                "destination": "0.0.0.0/0",
                "destination_type": "CIDR_BLOCK",
                "network_entity_id": "ocid1.internetgateway.oc1.ap-mumbai-1.aaaaaaaaaq64psznp7kviqomokcs2njqpuqr7esdqgizfna5cokmos6hhyra"
              }
            ],
            "state": "AVAILABLE",
            "time_created": "2021-02-12 11:15:17.552 +0000 UTC",
            "timeouts": null
          },
          "sensitive_attributes": [],
          "private": "eyJlMmJmYjczMC1lY2FhLTExZTYtOGY4OC0zNDM2M2JjN2M0YzAiOnsiY3JlYXRlIjoxMjAwMDAwMDAwMDAwLCJkZWxldGUiOjEyMDAwMDAwMDAwMDAsInVwZGF0ZSI6MTIwMDAwMDAwMDAwMH19",
          "dependencies": [
            "oci_core_internet_gateway.oke-igateway",
            "oci_core_virtual_network.oke-vcn"
          ]
        }
      ]
    },
    {
      "mode": "managed",
      "type": "oci_core_default_security_list",
      "name": "oke-default-security-list",
      "provider": "provider[\"registry.terraform.io/hashicorp/oci\"]",
      "instances": [
        {
          "schema_version": 0,
          "attributes": {
            "defined_tags": {
              "Oracle-Tags.CreatedBy": "oracleidentitycloudservice/krishna",
              "Oracle-Tags.CreatedOn": "2021-02-12T11:15:17.437Z"
            },
            "display_name": "Cluster-default-security-list",
            "egress_security_rules": [
              {
                "description": "",
                "destination": "0.0.0.0/0",
                "destination_type": "CIDR_BLOCK",
                "icmp_options": [],
                "protocol": "all",
                "stateless": false,
                "tcp_options": [],
                "udp_options": []
              }
            ],
            "freeform_tags": {},
            "id": "ocid1.securitylist.oc1.ap-mumbai-1.aaaaaaaafxt3zrpexdrxv5jwzsk22yub543x5ketnntvx3x3fp6ypl5fadbq",
            "ingress_security_rules": [
              {
                "description": "",
                "icmp_options": [
                  {
                    "code": 4,
                    "type": 3
                  }
                ],
                "protocol": "1",
                "source": "0.0.0.0/0",
                "source_type": "CIDR_BLOCK",
                "stateless": false,
                "tcp_options": [],
                "udp_options": []
              },
              {
                "description": "",
                "icmp_options": [],
                "protocol": "6",
                "source": "0.0.0.0/0",
                "source_type": "CIDR_BLOCK",
                "stateless": false,
                "tcp_options": [
                  {
                    "max": 22,
                    "min": 22,
                    "source_port_range": []
                  }
                ],
                "udp_options": []
              }
            ],
            "manage_default_resource_id": "ocid1.securitylist.oc1.ap-mumbai-1.aaaaaaaafxt3zrpexdrxv5jwzsk22yub543x5ketnntvx3x3fp6ypl5fadbq",
            "state": "AVAILABLE",
            "time_created": "2021-02-12 11:15:17.552 +0000 UTC",
            "timeouts": null
          },
          "sensitive_attributes": [],
          "private": "eyJlMmJmYjczMC1lY2FhLTExZTYtOGY4OC0zNDM2M2JjN2M0YzAiOnsiY3JlYXRlIjoxMjAwMDAwMDAwMDAwLCJkZWxldGUiOjEyMDAwMDAwMDAwMDAsInVwZGF0ZSI6MTIwMDAwMDAwMDAwMH19",
          "dependencies": [
            "oci_core_virtual_network.oke-vcn"
          ]
        }
      ]
    },
    {
      "mode": "managed",
      "type": "oci_core_internet_gateway",
      "name": "oke-igateway",
      "provider": "provider[\"registry.terraform.io/hashicorp/oci\"]",
      "instances": [
        {
          "schema_version": 0,
          "attributes": {
            "compartment_id": "ocid1.compartment.oc1..aaaaaaaa4cffiat2knvzy4bjs7eprhns5qspej5pfcelkfvrb7s5vahgr4yq",
            "defined_tags": {
              "Oracle-Tags.CreatedBy": "oracleidentitycloudservice/krishna",
              "Oracle-Tags.CreatedOn": "2021-02-12T11:15:18.191Z"
            },
            "display_name": "Cluster-igateway",
            "enabled": true,
            "freeform_tags": {},
            "id": "ocid1.internetgateway.oc1.ap-mumbai-1.aaaaaaaaaq64psznp7kviqomokcs2njqpuqr7esdqgizfna5cokmos6hhyra",
            "state": "AVAILABLE",
            "time_created": "2021-02-12 11:15:18.24 +0000 UTC",
            "timeouts": null,
            "vcn_id": "ocid1.vcn.oc1.ap-mumbai-1.amaaaaaaulymzmialhjwujysq4fluhvys3ki2kyq6rak2qxtrn3ghu6watnq"
          },
          "sensitive_attributes": [],
          "private": "eyJlMmJmYjczMC1lY2FhLTExZTYtOGY4OC0zNDM2M2JjN2M0YzAiOnsiY3JlYXRlIjoxMjAwMDAwMDAwMDAwLCJkZWxldGUiOjEyMDAwMDAwMDAwMDAsInVwZGF0ZSI6MTIwMDAwMDAwMDAwMH19",
          "dependencies": [
            "oci_core_virtual_network.oke-vcn"
          ]
        }
      ]
    },
    {
      "mode": "managed",
      "type": "oci_core_security_list",
      "name": "oke-lb-security-list",
      "provider": "provider[\"registry.terraform.io/hashicorp/oci\"]",
      "instances": [
        {
          "schema_version": 0,
          "attributes": {
            "compartment_id": "ocid1.compartment.oc1..aaaaaaaa4cffiat2knvzy4bjs7eprhns5qspej5pfcelkfvrb7s5vahgr4yq",
            "defined_tags": {
              "Oracle-Tags.CreatedBy": "oracleidentitycloudservice/krishna",
              "Oracle-Tags.CreatedOn": "2021-02-12T11:15:18.259Z"
            },
            "display_name": "Cluster-LoadBalancers-SecList",
            "egress_security_rules": [
              {
                "description": "",
                "destination": "0.0.0.0/0",
                "destination_type": "CIDR_BLOCK",
                "icmp_options": [],
                "protocol": "6",
                "stateless": true,
                "tcp_options": [],
                "udp_options": []
              }
            ],
            "freeform_tags": {},
            "id": "ocid1.securitylist.oc1.ap-mumbai-1.aaaaaaaaycljhspjymjrec7awykod3gmnd3jm7gc6klge5d25yjffnwa5lcq",
            "ingress_security_rules": [
              {
                "description": "",
                "icmp_options": [],
                "protocol": "6",
                "source": "0.0.0.0/0",
                "source_type": "CIDR_BLOCK",
                "stateless": true,
                "tcp_options": [],
                "udp_options": []
              }
            ],
            "state": "AVAILABLE",
            "time_created": "2021-02-12 11:15:18.286 +0000 UTC",
            "timeouts": null,
            "vcn_id": "ocid1.vcn.oc1.ap-mumbai-1.amaaaaaaulymzmialhjwujysq4fluhvys3ki2kyq6rak2qxtrn3ghu6watnq"
          },
          "sensitive_attributes": [],
          "private": "eyJlMmJmYjczMC1lY2FhLTExZTYtOGY4OC0zNDM2M2JjN2M0YzAiOnsiY3JlYXRlIjoxMjAwMDAwMDAwMDAwLCJkZWxldGUiOjEyMDAwMDAwMDAwMDAsInVwZGF0ZSI6MTIwMDAwMDAwMDAwMH19",
          "dependencies": [
            "oci_core_virtual_network.oke-vcn"
          ]
        }
      ]
    },
    {
      "mode": "managed",
      "type": "oci_core_security_list",
      "name": "oke-worker-security-list",
      "provider": "provider[\"registry.terraform.io/hashicorp/oci\"]",
      "instances": [
        {
          "schema_version": 0,
          "attributes": {
            "compartment_id": "ocid1.compartment.oc1..aaaaaaaa4cffiat2knvzy4bjs7eprhns5qspej5pfcelkfvrb7s5vahgr4yq",
            "defined_tags": {
              "Oracle-Tags.CreatedBy": "oracleidentitycloudservice/krishna",
              "Oracle-Tags.CreatedOn": "2021-02-12T11:15:18.262Z"
            },
            "display_name": "Cluster-Workers-SecList",
            "egress_security_rules": [
              {
                "description": "",
                "destination": "0.0.0.0/0",
                "destination_type": "CIDR_BLOCK",
                "icmp_options": [],
                "protocol": "6",
                "stateless": false,
                "tcp_options": [],
                "udp_options": []
              },
              {
                "description": "",
                "destination": "10.0.10.0/24",
                "destination_type": "CIDR_BLOCK",
                "icmp_options": [],
                "protocol": "all",
                "stateless": true,
                "tcp_options": [],
                "udp_options": []
              },
              {
                "description": "",
                "destination": "10.0.11.0/24",
                "destination_type": "CIDR_BLOCK",
                "icmp_options": [],
                "protocol": "all",
                "stateless": true,
                "tcp_options": [],
                "udp_options": []
              },
              {
                "description": "",
                "destination": "10.0.12.0/24",
                "destination_type": "CIDR_BLOCK",
                "icmp_options": [],
                "protocol": "all",
                "stateless": true,
                "tcp_options": [],
                "udp_options": []
              }
            ],
            "freeform_tags": {},
            "id": "ocid1.securitylist.oc1.ap-mumbai-1.aaaaaaaannbisggdjehldtwf3klustie3ikho5h3jq5aosa7jj2fhcl7nm5q",
            "ingress_security_rules": [
              {
                "description": "",
                "icmp_options": [
                  {
                    "code": 4,
                    "type": 3
                  }
                ],
                "protocol": "1",
                "source": "0.0.0.0/0",
                "source_type": "CIDR_BLOCK",
                "stateless": false,
                "tcp_options": [],
                "udp_options": []
              },
              {
                "description": "",
                "icmp_options": [],
                "protocol": "6",
                "source": "0.0.0.0/0",
                "source_type": "CIDR_BLOCK",
                "stateless": false,
                "tcp_options": [
                  {
                    "max": 22,
                    "min": 22,
                    "source_port_range": []
                  }
                ],
                "udp_options": []
              },
              {
                "description": "",
                "icmp_options": [],
                "protocol": "6",
                "source": "0.0.0.0/0",
                "source_type": "CIDR_BLOCK",
                "stateless": true,
                "tcp_options": [
                  {
                    "max": 32767,
                    "min": 30000,
                    "source_port_range": []
                  }
                ],
                "udp_options": []
              },
              {
                "description": "",
                "icmp_options": [],
                "protocol": "6",
                "source": "130.35.0.0/16",
                "source_type": "CIDR_BLOCK",
                "stateless": false,
                "tcp_options": [
                  {
                    "max": 22,
                    "min": 22,
                    "source_port_range": []
                  }
                ],
                "udp_options": []
              },
              {
                "description": "",
                "icmp_options": [],
                "protocol": "6",
                "source": "138.1.0.0/17",
                "source_type": "CIDR_BLOCK",
                "stateless": false,
                "tcp_options": [
                  {
                    "max": 22,
                    "min": 22,
                    "source_port_range": []
                  }
                ],
                "udp_options": []
              },
              {
                "description": "",
                "icmp_options": [],
                "protocol": "all",
                "source": "10.0.10.0/24",
                "source_type": "CIDR_BLOCK",
                "stateless": true,
                "tcp_options": [],
                "udp_options": []
              },
              {
                "description": "",
                "icmp_options": [],
                "protocol": "all",
                "source": "10.0.11.0/24",
                "source_type": "CIDR_BLOCK",
                "stateless": true,
                "tcp_options": [],
                "udp_options": []
              },
              {
                "description": "",
                "icmp_options": [],
                "protocol": "all",
                "source": "10.0.12.0/24",
                "source_type": "CIDR_BLOCK",
                "stateless": true,
                "tcp_options": [],
                "udp_options": []
              }
            ],
            "state": "AVAILABLE",
            "time_created": "2021-02-12 11:15:18.301 +0000 UTC",
            "timeouts": null,
            "vcn_id": "ocid1.vcn.oc1.ap-mumbai-1.amaaaaaaulymzmialhjwujysq4fluhvys3ki2kyq6rak2qxtrn3ghu6watnq"
          },
          "sensitive_attributes": [],
          "private": "eyJlMmJmYjczMC1lY2FhLTExZTYtOGY4OC0zNDM2M2JjN2M0YzAiOnsiY3JlYXRlIjoxMjAwMDAwMDAwMDAwLCJkZWxldGUiOjEyMDAwMDAwMDAwMDAsInVwZGF0ZSI6MTIwMDAwMDAwMDAwMH19",
          "dependencies": [
            "oci_core_virtual_network.oke-vcn"
          ]
        }
      ]
    },
    {
      "mode": "managed",
      "type": "oci_core_subnet",
      "name": "oke-subnet-loadbalancer-1",
      "provider": "provider[\"registry.terraform.io/hashicorp/oci\"]",
      "instances": [
        {
          "schema_version": 0,
          "attributes": {
            "availability_domain": "LxbT:AP-MUMBAI-1-AD-1",
            "cidr_block": "10.0.20.0/24",
            "compartment_id": "ocid1.compartment.oc1..aaaaaaaa4cffiat2knvzy4bjs7eprhns5qspej5pfcelkfvrb7s5vahgr4yq",
            "defined_tags": {
              "Oracle-Tags.CreatedBy": "oracleidentitycloudservice/krishna",
              "Oracle-Tags.CreatedOn": "2021-02-12T11:15:18.768Z"
            },
            "dhcp_options_id": "ocid1.dhcpoptions.oc1.ap-mumbai-1.aaaaaaaaopswatf4mf4ptc66bexzpmwfygpmaeuireifd4ujzdgpq3wxy4tq",
            "display_name": "Cluster-LB-Subnet01",
            "dns_label": "lb01",
            "freeform_tags": {},
            "id": "ocid1.subnet.oc1.ap-mumbai-1.aaaaaaaalmvg4kq6mz62sotozrloxqn26q7tojrw4dpnzrzksyc3bodnbm5q",
            "ipv6cidr_block": null,
            "ipv6public_cidr_block": null,
            "ipv6virtual_router_ip": null,
            "prohibit_public_ip_on_vnic": false,
            "route_table_id": "ocid1.routetable.oc1.ap-mumbai-1.aaaaaaaajq22k44nhr7uc344dlqtwd3i42low23jkj2h3ezdfbrazipj3wua",
            "security_list_ids": [
              "ocid1.securitylist.oc1.ap-mumbai-1.aaaaaaaaycljhspjymjrec7awykod3gmnd3jm7gc6klge5d25yjffnwa5lcq"
            ],
            "state": "AVAILABLE",
            "subnet_domain_name": "lb01.clustervcn.oraclevcn.com",
            "time_created": "2021-02-12 11:15:19.473 +0000 UTC",
            "timeouts": null,
            "vcn_id": "ocid1.vcn.oc1.ap-mumbai-1.amaaaaaaulymzmialhjwujysq4fluhvys3ki2kyq6rak2qxtrn3ghu6watnq",
            "virtual_router_ip": "10.0.20.1",
            "virtual_router_mac": "00:00:17:E2:27:64"
          },
          "sensitive_attributes": [],
          "private": "eyJlMmJmYjczMC1lY2FhLTExZTYtOGY4OC0zNDM2M2JjN2M0YzAiOnsiY3JlYXRlIjoxMjAwMDAwMDAwMDAwLCJkZWxldGUiOjEyMDAwMDAwMDAwMDAsInVwZGF0ZSI6MTIwMDAwMDAwMDAwMH19",
          "dependencies": [
            "oci_core_security_list.oke-lb-security-list",
            "oci_core_virtual_network.oke-vcn"
          ]
        }
      ]
    },
    {
      "mode": "managed",
      "type": "oci_core_subnet",
      "name": "oke-subnet-loadbalancer-2",
      "provider": "provider[\"registry.terraform.io/hashicorp/oci\"]",
      "instances": [
        {
          "schema_version": 0,
          "attributes": {
            "availability_domain": "LxbT:AP-MUMBAI-1-AD-1",
            "cidr_block": "10.0.21.0/24",
            "compartment_id": "ocid1.compartment.oc1..aaaaaaaa4cffiat2knvzy4bjs7eprhns5qspej5pfcelkfvrb7s5vahgr4yq",
            "defined_tags": {
              "Oracle-Tags.CreatedBy": "oracleidentitycloudservice/krishna",
              "Oracle-Tags.CreatedOn": "2021-02-12T11:15:18.723Z"
            },
            "dhcp_options_id": "ocid1.dhcpoptions.oc1.ap-mumbai-1.aaaaaaaaopswatf4mf4ptc66bexzpmwfygpmaeuireifd4ujzdgpq3wxy4tq",
            "display_name": "Cluster-LB-Subnet02",
            "dns_label": "lb02",
            "freeform_tags": {},
            "id": "ocid1.subnet.oc1.ap-mumbai-1.aaaaaaaadfj6bcm46joh2s4echgibokuhj3kvujfwzkc6ksow2rgnvwuunfa",
            "ipv6cidr_block": null,
            "ipv6public_cidr_block": null,
            "ipv6virtual_router_ip": null,
            "prohibit_public_ip_on_vnic": false,
            "route_table_id": "ocid1.routetable.oc1.ap-mumbai-1.aaaaaaaajq22k44nhr7uc344dlqtwd3i42low23jkj2h3ezdfbrazipj3wua",
            "security_list_ids": [
              "ocid1.securitylist.oc1.ap-mumbai-1.aaaaaaaaycljhspjymjrec7awykod3gmnd3jm7gc6klge5d25yjffnwa5lcq"
            ],
            "state": "AVAILABLE",
            "subnet_domain_name": "lb02.clustervcn.oraclevcn.com",
            "time_created": "2021-02-12 11:15:18.792 +0000 UTC",
            "timeouts": null,
            "vcn_id": "ocid1.vcn.oc1.ap-mumbai-1.amaaaaaaulymzmialhjwujysq4fluhvys3ki2kyq6rak2qxtrn3ghu6watnq",
            "virtual_router_ip": "10.0.21.1",
            "virtual_router_mac": "00:00:17:E2:27:64"
          },
          "sensitive_attributes": [],
          "private": "eyJlMmJmYjczMC1lY2FhLTExZTYtOGY4OC0zNDM2M2JjN2M0YzAiOnsiY3JlYXRlIjoxMjAwMDAwMDAwMDAwLCJkZWxldGUiOjEyMDAwMDAwMDAwMDAsInVwZGF0ZSI6MTIwMDAwMDAwMDAwMH19",
          "dependencies": [
            "oci_core_security_list.oke-lb-security-list",
            "oci_core_virtual_network.oke-vcn"
          ]
        }
      ]
    },
    {
      "mode": "managed",
      "type": "oci_core_subnet",
      "name": "oke-subnet-worker-1",
      "provider": "provider[\"registry.terraform.io/hashicorp/oci\"]",
      "instances": [
        {
          "schema_version": 0,
          "attributes": {
            "availability_domain": "LxbT:AP-MUMBAI-1-AD-1",
            "cidr_block": "10.0.10.0/24",
            "compartment_id": "ocid1.compartment.oc1..aaaaaaaa4cffiat2knvzy4bjs7eprhns5qspej5pfcelkfvrb7s5vahgr4yq",
            "defined_tags": {
              "Oracle-Tags.CreatedBy": "oracleidentitycloudservice/krishna",
              "Oracle-Tags.CreatedOn": "2021-02-12T11:15:19.105Z"
            },
            "dhcp_options_id": "ocid1.dhcpoptions.oc1.ap-mumbai-1.aaaaaaaaopswatf4mf4ptc66bexzpmwfygpmaeuireifd4ujzdgpq3wxy4tq",
            "display_name": "Cluster-WorkerSubnet01",
            "dns_label": "workers01",
            "freeform_tags": {},
            "id": "ocid1.subnet.oc1.ap-mumbai-1.aaaaaaaar7oio7ap2ohbqmb36km5joc4ekypjehvy5detqyelgybs2viws4a",
            "ipv6cidr_block": null,
            "ipv6public_cidr_block": null,
            "ipv6virtual_router_ip": null,
            "prohibit_public_ip_on_vnic": false,
            "route_table_id": "ocid1.routetable.oc1.ap-mumbai-1.aaaaaaaajq22k44nhr7uc344dlqtwd3i42low23jkj2h3ezdfbrazipj3wua",
            "security_list_ids": [
              "ocid1.securitylist.oc1.ap-mumbai-1.aaaaaaaannbisggdjehldtwf3klustie3ikho5h3jq5aosa7jj2fhcl7nm5q"
            ],
            "state": "AVAILABLE",
            "subnet_domain_name": "workers01.clustervcn.oraclevcn.com",
            "time_created": "2021-02-12 11:15:20.148 +0000 UTC",
            "timeouts": null,
            "vcn_id": "ocid1.vcn.oc1.ap-mumbai-1.amaaaaaaulymzmialhjwujysq4fluhvys3ki2kyq6rak2qxtrn3ghu6watnq",
            "virtual_router_ip": "10.0.10.1",
            "virtual_router_mac": "00:00:17:E2:27:64"
          },
          "sensitive_attributes": [],
          "private": "eyJlMmJmYjczMC1lY2FhLTExZTYtOGY4OC0zNDM2M2JjN2M0YzAiOnsiY3JlYXRlIjoxMjAwMDAwMDAwMDAwLCJkZWxldGUiOjEyMDAwMDAwMDAwMDAsInVwZGF0ZSI6MTIwMDAwMDAwMDAwMH19",
          "dependencies": [
            "oci_core_security_list.oke-worker-security-list",
            "oci_core_virtual_network.oke-vcn"
          ]
        }
      ]
    },
    {
      "mode": "managed",
      "type": "oci_core_subnet",
      "name": "oke-subnet-worker-2",
      "provider": "provider[\"registry.terraform.io/hashicorp/oci\"]",
      "instances": [
        {
          "schema_version": 0,
          "attributes": {
            "availability_domain": "LxbT:AP-MUMBAI-1-AD-1",
            "cidr_block": "10.0.11.0/24",
            "compartment_id": "ocid1.compartment.oc1..aaaaaaaa4cffiat2knvzy4bjs7eprhns5qspej5pfcelkfvrb7s5vahgr4yq",
            "defined_tags": {
              "Oracle-Tags.CreatedBy": "oracleidentitycloudservice/krishna",
              "Oracle-Tags.CreatedOn": "2021-02-12T11:15:18.974Z"
            },
            "dhcp_options_id": "ocid1.dhcpoptions.oc1.ap-mumbai-1.aaaaaaaaopswatf4mf4ptc66bexzpmwfygpmaeuireifd4ujzdgpq3wxy4tq",
            "display_name": "Cluster-WorkerSubnet02",
            "dns_label": "workers02",
            "freeform_tags": {},
            "id": "ocid1.subnet.oc1.ap-mumbai-1.aaaaaaaa6wkdrfu3ylwigbdoro6wicscirmcnak77ev7ezdkreh6wshu34wa",
            "ipv6cidr_block": null,
            "ipv6public_cidr_block": null,
            "ipv6virtual_router_ip": null,
            "prohibit_public_ip_on_vnic": false,
            "route_table_id": "ocid1.routetable.oc1.ap-mumbai-1.aaaaaaaajq22k44nhr7uc344dlqtwd3i42low23jkj2h3ezdfbrazipj3wua",
            "security_list_ids": [
              "ocid1.securitylist.oc1.ap-mumbai-1.aaaaaaaannbisggdjehldtwf3klustie3ikho5h3jq5aosa7jj2fhcl7nm5q"
            ],
            "state": "AVAILABLE",
            "subnet_domain_name": "workers02.clustervcn.oraclevcn.com",
            "time_created": "2021-02-12 11:15:19.056 +0000 UTC",
            "timeouts": null,
            "vcn_id": "ocid1.vcn.oc1.ap-mumbai-1.amaaaaaaulymzmialhjwujysq4fluhvys3ki2kyq6rak2qxtrn3ghu6watnq",
            "virtual_router_ip": "10.0.11.1",
            "virtual_router_mac": "00:00:17:E2:27:64"
          },
          "sensitive_attributes": [],
          "private": "eyJlMmJmYjczMC1lY2FhLTExZTYtOGY4OC0zNDM2M2JjN2M0YzAiOnsiY3JlYXRlIjoxMjAwMDAwMDAwMDAwLCJkZWxldGUiOjEyMDAwMDAwMDAwMDAsInVwZGF0ZSI6MTIwMDAwMDAwMDAwMH19",
          "dependencies": [
            "oci_core_security_list.oke-worker-security-list",
            "oci_core_virtual_network.oke-vcn"
          ]
        }
      ]
    },
    {
      "mode": "managed",
      "type": "oci_core_subnet",
      "name": "oke-subnet-worker-3",
      "provider": "provider[\"registry.terraform.io/hashicorp/oci\"]",
      "instances": [
        {
          "schema_version": 0,
          "attributes": {
            "availability_domain": "LxbT:AP-MUMBAI-1-AD-1",
            "cidr_block": "10.0.12.0/24",
            "compartment_id": "ocid1.compartment.oc1..aaaaaaaa4cffiat2knvzy4bjs7eprhns5qspej5pfcelkfvrb7s5vahgr4yq",
            "defined_tags": {
              "Oracle-Tags.CreatedBy": "oracleidentitycloudservice/krishna",
              "Oracle-Tags.CreatedOn": "2021-02-12T11:15:19.191Z"
            },
            "dhcp_options_id": "ocid1.dhcpoptions.oc1.ap-mumbai-1.aaaaaaaaopswatf4mf4ptc66bexzpmwfygpmaeuireifd4ujzdgpq3wxy4tq",
            "display_name": "Cluster-WorkerSubnet03",
            "dns_label": "workers03",
            "freeform_tags": {},
            "id": "ocid1.subnet.oc1.ap-mumbai-1.aaaaaaaal62zodqs2dqjavsqlcr52okkjd5i2r733u3wruaxia2vrobff5cq",
            "ipv6cidr_block": null,
            "ipv6public_cidr_block": null,
            "ipv6virtual_router_ip": null,
            "prohibit_public_ip_on_vnic": false,
            "route_table_id": "ocid1.routetable.oc1.ap-mumbai-1.aaaaaaaajq22k44nhr7uc344dlqtwd3i42low23jkj2h3ezdfbrazipj3wua",
            "security_list_ids": [
              "ocid1.securitylist.oc1.ap-mumbai-1.aaaaaaaannbisggdjehldtwf3klustie3ikho5h3jq5aosa7jj2fhcl7nm5q"
            ],
            "state": "AVAILABLE",
            "subnet_domain_name": "workers03.clustervcn.oraclevcn.com",
            "time_created": "2021-02-12 11:15:19.722 +0000 UTC",
            "timeouts": null,
            "vcn_id": "ocid1.vcn.oc1.ap-mumbai-1.amaaaaaaulymzmialhjwujysq4fluhvys3ki2kyq6rak2qxtrn3ghu6watnq",
            "virtual_router_ip": "10.0.12.1",
            "virtual_router_mac": "00:00:17:E2:27:64"
          },
          "sensitive_attributes": [],
          "private": "eyJlMmJmYjczMC1lY2FhLTExZTYtOGY4OC0zNDM2M2JjN2M0YzAiOnsiY3JlYXRlIjoxMjAwMDAwMDAwMDAwLCJkZWxldGUiOjEyMDAwMDAwMDAwMDAsInVwZGF0ZSI6MTIwMDAwMDAwMDAwMH19",
          "dependencies": [
            "oci_core_security_list.oke-worker-security-list",
            "oci_core_virtual_network.oke-vcn"
          ]
        }
      ]
    },
    {
      "mode": "managed",
      "type": "oci_core_virtual_network",
      "name": "oke-vcn",
      "provider": "provider[\"registry.terraform.io/hashicorp/oci\"]",
      "instances": [
        {
          "schema_version": 0,
          "attributes": {
            "cidr_block": "10.0.0.0/16",
            "cidr_blocks": [
              "10.0.0.0/16"
            ],
            "compartment_id": "ocid1.compartment.oc1..aaaaaaaa4cffiat2knvzy4bjs7eprhns5qspej5pfcelkfvrb7s5vahgr4yq",
            "default_dhcp_options_id": "ocid1.dhcpoptions.oc1.ap-mumbai-1.aaaaaaaaopswatf4mf4ptc66bexzpmwfygpmaeuireifd4ujzdgpq3wxy4tq",
            "default_route_table_id": "ocid1.routetable.oc1.ap-mumbai-1.aaaaaaaajq22k44nhr7uc344dlqtwd3i42low23jkj2h3ezdfbrazipj3wua",
            "default_security_list_id": "ocid1.securitylist.oc1.ap-mumbai-1.aaaaaaaafxt3zrpexdrxv5jwzsk22yub543x5ketnntvx3x3fp6ypl5fadbq",
            "defined_tags": {
              "Oracle-Tags.CreatedBy": "oracleidentitycloudservice/krishna",
              "Oracle-Tags.CreatedOn": "2021-02-12T11:15:17.437Z"
            },
            "display_name": "Cluster_vcn",
            "dns_label": "clustervcn",
            "freeform_tags": {},
            "id": "ocid1.vcn.oc1.ap-mumbai-1.amaaaaaaulymzmialhjwujysq4fluhvys3ki2kyq6rak2qxtrn3ghu6watnq",
            "ipv6cidr_block": null,
            "ipv6public_cidr_block": null,
            "is_ipv6enabled": null,
            "state": "AVAILABLE",
            "time_created": "2021-02-12 11:15:17.552 +0000 UTC",
            "timeouts": null,
            "vcn_domain_name": "clustervcn.oraclevcn.com"
          },
          "sensitive_attributes": [],
          "private": "eyJlMmJmYjczMC1lY2FhLTExZTYtOGY4OC0zNDM2M2JjN2M0YzAiOnsiY3JlYXRlIjoxMjAwMDAwMDAwMDAwLCJkZWxldGUiOjEyMDAwMDAwMDAwMDAsInVwZGF0ZSI6MTIwMDAwMDAwMDAwMH19"
        }
      ]
    }
  ]
}
